// !$*UTF8*$!
{
	archiveVersion = 1;
	classes = {
	};
	objectVersion = 56;
	objects = {

/* Begin PBXBuildFile section */
		8D7944BE2A912A7100B0B6D9 /* SuperToolbarView.swift in Sources */ = {isa = PBXBuildFile; fileRef = 8D7944BD2A912A7100B0B6D9 /* SuperToolbarView.swift */; };
		8D7E86632A6CE18F008580A9 /* InfoPlist.strings in Resources */ = {isa = PBXBuildFile; fileRef = 8D7E86652A6CE18F008580A9 /* InfoPlist.strings */; };
		8D7E86692A6CE5A1008580A9 /* R.generated.swift in Sources */ = {isa = PBXBuildFile; fileRef = 8D7E86682A6CE5A1008580A9 /* R.generated.swift */; };
		8D7E866C2A6CED2E008580A9 /* SuperUIColorExtension.swift in Sources */ = {isa = PBXBuildFile; fileRef = 8D7E866B2A6CED2E008580A9 /* SuperUIColorExtension.swift */; };
		8D7E866E2A6CF007008580A9 /* SuperUIThemeExtension.swift in Sources */ = {isa = PBXBuildFile; fileRef = 8D7E866D2A6CF007008580A9 /* SuperUIThemeExtension.swift */; };
		8D7E86712A6CF505008580A9 /* BaseController.swift in Sources */ = {isa = PBXBuildFile; fileRef = 8D7E86702A6CF505008580A9 /* BaseController.swift */; };
		8D7E86732A6CF58D008580A9 /* BaseCommonController.swift in Sources */ = {isa = PBXBuildFile; fileRef = 8D7E86722A6CF58D008580A9 /* BaseCommonController.swift */; };
		8D7E86752A6CF5E7008580A9 /* BaseLogicController.swift in Sources */ = {isa = PBXBuildFile; fileRef = 8D7E86742A6CF5E7008580A9 /* BaseLogicController.swift */; };
		8D7E86772A6CFC79008580A9 /* BaseTitleController.swift in Sources */ = {isa = PBXBuildFile; fileRef = 8D7E86762A6CFC79008580A9 /* BaseTitleController.swift */; };
		8D7E867C2A6D0042008580A9 /* TermServiceDialogController.swift in Sources */ = {isa = PBXBuildFile; fileRef = 8D7E867B2A6D0042008580A9 /* TermServiceDialogController.swift */; };
		8D7E867F2A6D049C008580A9 /* ViewFactoryUtil.swift in Sources */ = {isa = PBXBuildFile; fileRef = 8D7E867E2A6D049C008580A9 /* ViewFactoryUtil.swift */; };
		8D7E86812A6D0578008580A9 /* Constants.swift in Sources */ = {isa = PBXBuildFile; fileRef = 8D7E86802A6D0578008580A9 /* Constants.swift */; };
		8D7E86852A6D0CEB008580A9 /* GuideController.swift in Sources */ = {isa = PBXBuildFile; fileRef = 8D7E86842A6D0CEB008580A9 /* GuideController.swift */; };
		8D9E015D2AA7AEF5008DE778 /* DrawerController.swift in Sources */ = {isa = PBXBuildFile; fileRef = 8D9E015C2AA7AEF5008DE778 /* DrawerController.swift */; };
		8D9E01692AA7AF72008DE778 /* CWInteractiveTransition.m in Sources */ = {isa = PBXBuildFile; fileRef = 8D9E015F2AA7AF72008DE778 /* CWInteractiveTransition.m */; };
		8D9E016A2AA7AF72008DE778 /* UIViewController+CWLateralSlide.m in Sources */ = {isa = PBXBuildFile; fileRef = 8D9E01622AA7AF72008DE778 /* UIViewController+CWLateralSlide.m */; };
		8D9E016B2AA7AF72008DE778 /* CWLateralSlideAnimator.m in Sources */ = {isa = PBXBuildFile; fileRef = 8D9E01652AA7AF72008DE778 /* CWLateralSlideAnimator.m */; };
		8D9E016C2AA7AF72008DE778 /* CWDrawerTransition.m in Sources */ = {isa = PBXBuildFile; fileRef = 8D9E01662AA7AF72008DE778 /* CWDrawerTransition.m */; };
		8D9E016D2AA7AF72008DE778 /* CWLateralSlideConfiguration.m in Sources */ = {isa = PBXBuildFile; fileRef = 8D9E01682AA7AF72008DE778 /* CWLateralSlideConfiguration.m */; };
		8D9E01702AA7C8F6008DE778 /* SuperSettingView.swift in Sources */ = {isa = PBXBuildFile; fileRef = 8D9E016F2AA7C8F6008DE778 /* SuperSettingView.swift */; };
		8D9E01732AA80F9C008DE778 /* SuperRegularUtil.swift in Sources */ = {isa = PBXBuildFile; fileRef = 8D9E01722AA80F9C008DE778 /* SuperRegularUtil.swift */; };
		8D9E01792AA81C84008DE778 /* SuperUIViewControllerExtension.swift in Sources */ = {isa = PBXBuildFile; fileRef = 8D9E01782AA81C84008DE778 /* SuperUIViewControllerExtension.swift */; };
		8D9E017B2AA84EFC008DE778 /* LoginController.swift in Sources */ = {isa = PBXBuildFile; fileRef = 8D9E017A2AA84EFC008DE778 /* LoginController.swift */; };
		8D9E017E2AA857B4008DE778 /* SuperInputView.swift in Sources */ = {isa = PBXBuildFile; fileRef = 8D9E017D2AA857B4008DE778 /* SuperInputView.swift */; };
		8D9E01812AA857EC008DE778 /* BaseRelativeLayout.swift in Sources */ = {isa = PBXBuildFile; fileRef = 8D9E01802AA857EC008DE778 /* BaseRelativeLayout.swift */; };
		8D9E01832AA85D9C008DE778 /* StringUtil.swift in Sources */ = {isa = PBXBuildFile; fileRef = 8D9E01822AA85D9C008DE778 /* StringUtil.swift */; };
		8D9E01852AA85F42008DE778 /* BaseLoginController.swift in Sources */ = {isa = PBXBuildFile; fileRef = 8D9E01842AA85F42008DE778 /* BaseLoginController.swift */; };
		8D9E01882AA8610A008DE778 /* Session.swift in Sources */ = {isa = PBXBuildFile; fileRef = 8D9E01872AA8610A008DE778 /* Session.swift */; };
		8D9E018A2AA861DA008DE778 /* PreferenceUtil.swift in Sources */ = {isa = PBXBuildFile; fileRef = 8D9E01892AA861DA008DE778 /* PreferenceUtil.swift */; };
		8D9E018E2AA87433008DE778 /* UIViewControllerExtension.swift in Sources */ = {isa = PBXBuildFile; fileRef = 8D9E018D2AA87433008DE778 /* UIViewControllerExtension.swift */; };
		8D9E01922AA875FD008DE778 /* SuperDialogController.swift in Sources */ = {isa = PBXBuildFile; fileRef = 8D9E01912AA875FD008DE778 /* SuperDialogController.swift */; };
		8D9E01952AA8866A008DE778 /* UserDetailController.swift in Sources */ = {isa = PBXBuildFile; fileRef = 8D9E01942AA8866A008DE778 /* UserDetailController.swift */; };
		8D9E024F2AB5F753008DE778 /* RegisterController.swift in Sources */ = {isa = PBXBuildFile; fileRef = 8D9E024E2AB5F753008DE778 /* RegisterController.swift */; };
		8DA405C62A6CD8FE0033F979 /* SuperDateUtil.swift in Sources */ = {isa = PBXBuildFile; fileRef = 8DA405C52A6CD8FE0033F979 /* SuperDateUtil.swift */; };
		8DA405CA2A6CDC460033F979 /* Localizable.strings in Resources */ = {isa = PBXBuildFile; fileRef = 8DA405CC2A6CDC460033F979 /* Localizable.strings */; };
		8DAF42122A85FBC300C5097F /* SheetGroupCell.swift in Sources */ = {isa = PBXBuildFile; fileRef = 8DAF42112A85FBC300C5097F /* SheetGroupCell.swift */; };
		8DAF42142A85FCDE00C5097F /* ItemTitleView.swift in Sources */ = {isa = PBXBuildFile; fileRef = 8DAF42132A85FCDE00C5097F /* ItemTitleView.swift */; };
		8DAF42162A85FF7C00C5097F /* SheetData.swift in Sources */ = {isa = PBXBuildFile; fileRef = 8DAF42152A85FF7C00C5097F /* SheetData.swift */; };
		8DAF42192A8601BB00C5097F /* SuperImageExtension.swift in Sources */ = {isa = PBXBuildFile; fileRef = 8DAF42182A8601BB00C5097F /* SuperImageExtension.swift */; };
		8DAF421B2A86064E00C5097F /* BaseCollectionViewCell.swift in Sources */ = {isa = PBXBuildFile; fileRef = 8DAF421A2A86064E00C5097F /* BaseCollectionViewCell.swift */; };
		8DAF421D2A8607F400C5097F /* SheetCell.swift in Sources */ = {isa = PBXBuildFile; fileRef = 8DAF421C2A8607F400C5097F /* SheetCell.swift */; };
		8DAF42202A8608CB00C5097F /* ViewCornerExtension.swift in Sources */ = {isa = PBXBuildFile; fileRef = 8DAF421F2A8608CB00C5097F /* ViewCornerExtension.swift */; };
		8DAF42232A8609A800C5097F /* SuperConfig.swift in Sources */ = {isa = PBXBuildFile; fileRef = 8DAF42222A8609A800C5097F /* SuperConfig.swift */; };
		8DD33B472A6F28B700A34010 /* DefaultPreferenceUtil.swift in Sources */ = {isa = PBXBuildFile; fileRef = 8DD33B462A6F28B700A34010 /* DefaultPreferenceUtil.swift */; };
		8DD33B4B2A6F2B7E00A34010 /* MainController.swift in Sources */ = {isa = PBXBuildFile; fileRef = 8DD33B4A2A6F2B7E00A34010 /* MainController.swift */; };
		8DD33B4F2A6F34E100A34010 /* LoginHomeController.swift in Sources */ = {isa = PBXBuildFile; fileRef = 8DD33B4E2A6F34E100A34010 /* LoginHomeController.swift */; };
		8DD33B672A6F392400A34010 /* UIView+YJBannerViewExt.m in Sources */ = {isa = PBXBuildFile; fileRef = 8DD33B522A6F392400A34010 /* UIView+YJBannerViewExt.m */; };
		8DD33B682A6F392400A34010 /* YJBannerView.m in Sources */ = {isa = PBXBuildFile; fileRef = 8DD33B542A6F392400A34010 /* YJBannerView.m */; };
		8DD33B692A6F392400A34010 /* YJHollowPageControl.m in Sources */ = {isa = PBXBuildFile; fileRef = 8DD33B582A6F392400A34010 /* YJHollowPageControl.m */; };
		8DD33B6A2A6F392400A34010 /* YJAbstractDotView.m in Sources */ = {isa = PBXBuildFile; fileRef = 8DD33B592A6F392400A34010 /* YJAbstractDotView.m */; };
		8DD33B6B2A6F392400A34010 /* YJAnimatedDotView.m in Sources */ = {isa = PBXBuildFile; fileRef = 8DD33B5A2A6F392400A34010 /* YJAnimatedDotView.m */; };
		8DD33B6C2A6F392400A34010 /* YJBannerView.bundle in Resources */ = {isa = PBXBuildFile; fileRef = 8DD33B5F2A6F392400A34010 /* YJBannerView.bundle */; };
		8DD33B6D2A6F392400A34010 /* YJBannerViewCollectionView.m in Sources */ = {isa = PBXBuildFile; fileRef = 8DD33B612A6F392400A34010 /* YJBannerViewCollectionView.m */; };
		8DD33B6E2A6F392400A34010 /* YJBannerViewCell.m in Sources */ = {isa = PBXBuildFile; fileRef = 8DD33B622A6F392400A34010 /* YJBannerViewCell.m */; };
		8DD33B6F2A6F392400A34010 /* YJBannerViewFooter.m in Sources */ = {isa = PBXBuildFile; fileRef = 8DD33B652A6F392400A34010 /* YJBannerViewFooter.m */; };
		8DD33B712A6F53D900A34010 /* Config.swift in Sources */ = {isa = PBXBuildFile; fileRef = 8DD33B702A6F53D900A34010 /* Config.swift */; };
		8DD33B742A6F645000A34010 /* DefaultService.swift in Sources */ = {isa = PBXBuildFile; fileRef = 8DD33B732A6F645000A34010 /* DefaultService.swift */; };
		8DD33B782A6F650400A34010 /* User.swift in Sources */ = {isa = PBXBuildFile; fileRef = 8DD33B772A6F650400A34010 /* User.swift */; };
		8DD33B7A2A6F677700A34010 /* ParamUtil.swift in Sources */ = {isa = PBXBuildFile; fileRef = 8DD33B792A6F677700A34010 /* ParamUtil.swift */; };
		8DD33B7D2A6F73E400A34010 /* SheetListResponse.swift in Sources */ = {isa = PBXBuildFile; fileRef = 8DD33B7C2A6F73E400A34010 /* SheetListResponse.swift */; };
		8DD33B7F2A6F748A00A34010 /* PageResponse.swift in Sources */ = {isa = PBXBuildFile; fileRef = 8DD33B7E2A6F748A00A34010 /* PageResponse.swift */; };
		8DD33B832A6F74E500A34010 /* Sheet.swift in Sources */ = {isa = PBXBuildFile; fileRef = 8DD33B822A6F74E500A34010 /* Sheet.swift */; };
		8DD33B862A6F7CC300A34010 /* ObservableMoyaExtension.swift in Sources */ = {isa = PBXBuildFile; fileRef = 8DD33B852A6F7CC300A34010 /* ObservableMoyaExtension.swift */; };
		8DD33B882A6F809E00A34010 /* BaseModel.swift in Sources */ = {isa = PBXBuildFile; fileRef = 8DD33B872A6F809E00A34010 /* BaseModel.swift */; };
		8DD33B8A2A6F80FF00A34010 /* BaseId.swift in Sources */ = {isa = PBXBuildFile; fileRef = 8DD33B892A6F80FF00A34010 /* BaseId.swift */; };
		8DD33B8C2A6F813200A34010 /* BaseCommon.swift in Sources */ = {isa = PBXBuildFile; fileRef = 8DD33B8B2A6F813200A34010 /* BaseCommon.swift */; };
		8DD33B8F2A6F82B200A34010 /* ListResponse.swift in Sources */ = {isa = PBXBuildFile; fileRef = 8DD33B8E2A6F82B200A34010 /* ListResponse.swift */; };
		8DD33B912A6F836100A34010 /* BaseResponse.swift in Sources */ = {isa = PBXBuildFile; fileRef = 8DD33B902A6F836100A34010 /* BaseResponse.swift */; };
		8DD33B932A6F83B800A34010 /* DetailResponse.swift in Sources */ = {isa = PBXBuildFile; fileRef = 8DD33B922A6F83B800A34010 /* DetailResponse.swift */; };
		8DD33B952A6F846F00A34010 /* Meta.swift in Sources */ = {isa = PBXBuildFile; fileRef = 8DD33B942A6F846F00A34010 /* Meta.swift */; };
		8DD33B992A6F86CA00A34010 /* Ad.swift in Sources */ = {isa = PBXBuildFile; fileRef = 8DD33B982A6F86CA00A34010 /* Ad.swift */; };
		8DD33B9D2A7041B700A34010 /* SuperToast.swift in Sources */ = {isa = PBXBuildFile; fileRef = 8DD33B9C2A7041B700A34010 /* SuperToast.swift */; };
		8DD33B9F2A706C4A00A34010 /* ExceptionHandleUtil.swift in Sources */ = {isa = PBXBuildFile; fileRef = 8DD33B9E2A706C4A00A34010 /* ExceptionHandleUtil.swift */; };
		8DD33BA22A70762B00A34010 /* DefaultRepository.swift in Sources */ = {isa = PBXBuildFile; fileRef = 8DD33BA12A70762B00A34010 /* DefaultRepository.swift */; };
		8DD33C112A73635800A34010 /* DiscoveryController.swift in Sources */ = {isa = PBXBuildFile; fileRef = 8DD33C102A73635800A34010 /* DiscoveryController.swift */; };
		8DD33C162A73639600A34010 /* VideoController.swift in Sources */ = {isa = PBXBuildFile; fileRef = 8DD33C152A73639600A34010 /* VideoController.swift */; };
		8DD33C1A2A7363B800A34010 /* MeController.swift in Sources */ = {isa = PBXBuildFile; fileRef = 8DD33C192A7363B800A34010 /* MeController.swift */; };
		8DD33C1E2A7363EC00A34010 /* FeedController.swift in Sources */ = {isa = PBXBuildFile; fileRef = 8DD33C1D2A7363EC00A34010 /* FeedController.swift */; };
		8DD33C222A73641500A34010 /* RoomController.swift in Sources */ = {isa = PBXBuildFile; fileRef = 8DD33C212A73641500A34010 /* RoomController.swift */; };
		8DD33C262A736DB000A34010 /* BannerData.swift in Sources */ = {isa = PBXBuildFile; fileRef = 8DD33C252A736DB000A34010 /* BannerData.swift */; };
		8DD33C2A2A7370EC00A34010 /* BaseTableViewCell.swift in Sources */ = {isa = PBXBuildFile; fileRef = 8DD33C292A7370EC00A34010 /* BaseTableViewCell.swift */; };
		8DD33C2C2A7373DB00A34010 /* BannerCell.swift in Sources */ = {isa = PBXBuildFile; fileRef = 8DD33C2B2A7373DB00A34010 /* BannerCell.swift */; };
		8DD33C2E2A73794A00A34010 /* ResourceUtil.swift in Sources */ = {isa = PBXBuildFile; fileRef = 8DD33C2D2A73794A00A34010 /* ResourceUtil.swift */; };
		8DD33C302A73889300A34010 /* DiscoveryButtonCell.swift in Sources */ = {isa = PBXBuildFile; fileRef = 8DD33C2F2A73889300A34010 /* DiscoveryButtonCell.swift */; };
		8DD33C322A7389E900A34010 /* ButtonData.swift in Sources */ = {isa = PBXBuildFile; fileRef = 8DD33C312A7389E900A34010 /* ButtonData.swift */; };
		8DD33C352A7392A800A34010 /* DiscoveryButtonView.swift in Sources */ = {isa = PBXBuildFile; fileRef = 8DD33C342A7392A800A34010 /* DiscoveryButtonView.swift */; };
		8DDB15672A91602600B25482 /* ViewExtension.swift in Sources */ = {isa = PBXBuildFile; fileRef = 8DDB15662A91602600B25482 /* ViewExtension.swift */; };
		8DDB15692A91619C00B25482 /* BaseMainController.swift in Sources */ = {isa = PBXBuildFile; fileRef = 8DDB15682A91619C00B25482 /* BaseMainController.swift */; };
		8DDB156E2A91826000B25482 /* SuperWebController.swift in Sources */ = {isa = PBXBuildFile; fileRef = 8DDB156D2A91826000B25482 /* SuperWebController.swift */; };
		8DEBED312A6C4F7A00303597 /* AppDelegate.swift in Sources */ = {isa = PBXBuildFile; fileRef = 8DEBED302A6C4F7A00303597 /* AppDelegate.swift */; };
		8DEBED352A6C4F7A00303597 /* SplashController.swift in Sources */ = {isa = PBXBuildFile; fileRef = 8DEBED342A6C4F7A00303597 /* SplashController.swift */; };
		8DEBED3A2A6C4F7B00303597 /* Assets.xcassets in Resources */ = {isa = PBXBuildFile; fileRef = 8DEBED392A6C4F7B00303597 /* Assets.xcassets */; };
		8DEBED3D2A6C4F7B00303597 /* LaunchScreen.storyboard in Resources */ = {isa = PBXBuildFile; fileRef = 8DEBED3B2A6C4F7B00303597 /* LaunchScreen.storyboard */; };
		8DEBED482A6C4F7B00303597 /* MelodyMusicTests.swift in Sources */ = {isa = PBXBuildFile; fileRef = 8DEBED472A6C4F7B00303597 /* MelodyMusicTests.swift */; };
		8DEBED522A6C4F7B00303597 /* MelodyMusicUITests.swift in Sources */ = {isa = PBXBuildFile; fileRef = 8DEBED512A6C4F7B00303597 /* MelodyMusicUITests.swift */; };
		8DEBED542A6C4F7B00303597 /* MelodyMusicUITestsLaunchTests.swift in Sources */ = {isa = PBXBuildFile; fileRef = 8DEBED532A6C4F7B00303597 /* MelodyMusicUITestsLaunchTests.swift */; };
		8DED454D2A8A71270025EC7F /* ImageViewKingfisherExtension.swift in Sources */ = {isa = PBXBuildFile; fileRef = 8DED454C2A8A71270025EC7F /* ImageViewKingfisherExtension.swift */; };
		8DED45502A8A71F60025EC7F /* SuperStringUtil.swift in Sources */ = {isa = PBXBuildFile; fileRef = 8DED454F2A8A71F60025EC7F /* SuperStringUtil.swift */; };
		8DED45522A8A751B0025EC7F /* StringExtension.swift in Sources */ = {isa = PBXBuildFile; fileRef = 8DED45512A8A751B0025EC7F /* StringExtension.swift */; };
		8DED45542A8A7C870025EC7F /* SongGroupCell.swift in Sources */ = {isa = PBXBuildFile; fileRef = 8DED45532A8A7C870025EC7F /* SongGroupCell.swift */; };
		8DED45582A8A7E930025EC7F /* Song.swift in Sources */ = {isa = PBXBuildFile; fileRef = 8DED45572A8A7E930025EC7F /* Song.swift */; };
		8DED455A2A8A80920025EC7F /* SongData.swift in Sources */ = {isa = PBXBuildFile; fileRef = 8DED45592A8A80920025EC7F /* SongData.swift */; };
		8DED455C2A8A83640025EC7F /* DiscoverySongCell.swift in Sources */ = {isa = PBXBuildFile; fileRef = 8DED455B2A8A83640025EC7F /* DiscoverySongCell.swift */; };
		8DED455E2A8D96120025EC7F /* DiscoveryFooterCell.swift in Sources */ = {isa = PBXBuildFile; fileRef = 8DED455D2A8D96120025EC7F /* DiscoveryFooterCell.swift */; };
		8DED45602A8D99470025EC7F /* FooterData.swift in Sources */ = {isa = PBXBuildFile; fileRef = 8DED455F2A8D99470025EC7F /* FooterData.swift */; };
		CEAC666C7A528C0B23B508BF /* Pods_MelodyMusic.framework in Frameworks */ = {isa = PBXBuildFile; fileRef = 8F49BAF81D597800B0950D60 /* Pods_MelodyMusic.framework */; };
/* End PBXBuildFile section */

/* Begin PBXContainerItemProxy section */
		8DEBED442A6C4F7B00303597 /* PBXContainerItemProxy */ = {
			isa = PBXContainerItemProxy;
			containerPortal = 8DEBED252A6C4F7A00303597 /* Project object */;
			proxyType = 1;
			remoteGlobalIDString = 8DEBED2C2A6C4F7A00303597;
			remoteInfo = MelodyMusic;
		};
		8DEBED4E2A6C4F7B00303597 /* PBXContainerItemProxy */ = {
			isa = PBXContainerItemProxy;
			containerPortal = 8DEBED252A6C4F7A00303597 /* Project object */;
			proxyType = 1;
			remoteGlobalIDString = 8DEBED2C2A6C4F7A00303597;
			remoteInfo = MelodyMusic;
		};
/* End PBXContainerItemProxy section */

/* Begin PBXFileReference section */
		0C2BD0C475118F21AFA06524 /* Pods-MelodyMusic.release.xcconfig */ = {isa = PBXFileReference; includeInIndex = 1; lastKnownFileType = text.xcconfig; name = "Pods-MelodyMusic.release.xcconfig"; path = "Target Support Files/Pods-MelodyMusic/Pods-MelodyMusic.release.xcconfig"; sourceTree = "<group>"; };
		309120CF9AD7639157F05755 /* Pods-MelodyMusic.debug.xcconfig */ = {isa = PBXFileReference; includeInIndex = 1; lastKnownFileType = text.xcconfig; name = "Pods-MelodyMusic.debug.xcconfig"; path = "Target Support Files/Pods-MelodyMusic/Pods-MelodyMusic.debug.xcconfig"; sourceTree = "<group>"; };
		8D7944BD2A912A7100B0B6D9 /* SuperToolbarView.swift */ = {isa = PBXFileReference; lastKnownFileType = sourcecode.swift; path = SuperToolbarView.swift; sourceTree = "<group>"; };
		8D7E86642A6CE18F008580A9 /* en */ = {isa = PBXFileReference; lastKnownFileType = text.plist.strings; name = en; path = en.lproj/InfoPlist.strings; sourceTree = "<group>"; };
		8D7E86662A6CE191008580A9 /* zh-Hans */ = {isa = PBXFileReference; lastKnownFileType = text.plist.strings; name = "zh-Hans"; path = "zh-Hans.lproj/InfoPlist.strings"; sourceTree = "<group>"; };
		8D7E86682A6CE5A1008580A9 /* R.generated.swift */ = {isa = PBXFileReference; fileEncoding = 4; lastKnownFileType = sourcecode.swift; path = R.generated.swift; sourceTree = SOURCE_ROOT; };
		8D7E866B2A6CED2E008580A9 /* SuperUIColorExtension.swift */ = {isa = PBXFileReference; lastKnownFileType = sourcecode.swift; path = SuperUIColorExtension.swift; sourceTree = "<group>"; };
		8D7E866D2A6CF007008580A9 /* SuperUIThemeExtension.swift */ = {isa = PBXFileReference; lastKnownFileType = sourcecode.swift; path = SuperUIThemeExtension.swift; sourceTree = "<group>"; };
		8D7E86702A6CF505008580A9 /* BaseController.swift */ = {isa = PBXFileReference; lastKnownFileType = sourcecode.swift; path = BaseController.swift; sourceTree = "<group>"; };
		8D7E86722A6CF58D008580A9 /* BaseCommonController.swift */ = {isa = PBXFileReference; lastKnownFileType = sourcecode.swift; path = BaseCommonController.swift; sourceTree = "<group>"; };
		8D7E86742A6CF5E7008580A9 /* BaseLogicController.swift */ = {isa = PBXFileReference; lastKnownFileType = sourcecode.swift; path = BaseLogicController.swift; sourceTree = "<group>"; };
		8D7E86762A6CFC79008580A9 /* BaseTitleController.swift */ = {isa = PBXFileReference; lastKnownFileType = sourcecode.swift; path = BaseTitleController.swift; sourceTree = "<group>"; };
		8D7E86782A6CFE46008580A9 /* MelodyMusic-Bridging-Header.h */ = {isa = PBXFileReference; lastKnownFileType = sourcecode.c.h; path = "MelodyMusic-Bridging-Header.h"; sourceTree = "<group>"; };
		8D7E867B2A6D0042008580A9 /* TermServiceDialogController.swift */ = {isa = PBXFileReference; lastKnownFileType = sourcecode.swift; path = TermServiceDialogController.swift; sourceTree = "<group>"; };
		8D7E867E2A6D049C008580A9 /* ViewFactoryUtil.swift */ = {isa = PBXFileReference; lastKnownFileType = sourcecode.swift; path = ViewFactoryUtil.swift; sourceTree = "<group>"; };
		8D7E86802A6D0578008580A9 /* Constants.swift */ = {isa = PBXFileReference; lastKnownFileType = sourcecode.swift; path = Constants.swift; sourceTree = "<group>"; };
		8D7E86842A6D0CEB008580A9 /* GuideController.swift */ = {isa = PBXFileReference; lastKnownFileType = sourcecode.swift; path = GuideController.swift; sourceTree = "<group>"; };
		8D9E015C2AA7AEF5008DE778 /* DrawerController.swift */ = {isa = PBXFileReference; lastKnownFileType = sourcecode.swift; path = DrawerController.swift; sourceTree = "<group>"; };
		8D9E015F2AA7AF72008DE778 /* CWInteractiveTransition.m */ = {isa = PBXFileReference; fileEncoding = 4; lastKnownFileType = sourcecode.c.objc; path = CWInteractiveTransition.m; sourceTree = "<group>"; };
		8D9E01602AA7AF72008DE778 /* CWDrawerTransition.h */ = {isa = PBXFileReference; fileEncoding = 4; lastKnownFileType = sourcecode.c.h; path = CWDrawerTransition.h; sourceTree = "<group>"; };
		8D9E01612AA7AF72008DE778 /* CWLateralSlideAnimator.h */ = {isa = PBXFileReference; fileEncoding = 4; lastKnownFileType = sourcecode.c.h; path = CWLateralSlideAnimator.h; sourceTree = "<group>"; };
		8D9E01622AA7AF72008DE778 /* UIViewController+CWLateralSlide.m */ = {isa = PBXFileReference; fileEncoding = 4; lastKnownFileType = sourcecode.c.objc; path = "UIViewController+CWLateralSlide.m"; sourceTree = "<group>"; };
		8D9E01632AA7AF72008DE778 /* CWLateralSlideConfiguration.h */ = {isa = PBXFileReference; fileEncoding = 4; lastKnownFileType = sourcecode.c.h; path = CWLateralSlideConfiguration.h; sourceTree = "<group>"; };
		8D9E01642AA7AF72008DE778 /* CWInteractiveTransition.h */ = {isa = PBXFileReference; fileEncoding = 4; lastKnownFileType = sourcecode.c.h; path = CWInteractiveTransition.h; sourceTree = "<group>"; };
		8D9E01652AA7AF72008DE778 /* CWLateralSlideAnimator.m */ = {isa = PBXFileReference; fileEncoding = 4; lastKnownFileType = sourcecode.c.objc; path = CWLateralSlideAnimator.m; sourceTree = "<group>"; };
		8D9E01662AA7AF72008DE778 /* CWDrawerTransition.m */ = {isa = PBXFileReference; fileEncoding = 4; lastKnownFileType = sourcecode.c.objc; path = CWDrawerTransition.m; sourceTree = "<group>"; };
		8D9E01672AA7AF72008DE778 /* UIViewController+CWLateralSlide.h */ = {isa = PBXFileReference; fileEncoding = 4; lastKnownFileType = sourcecode.c.h; path = "UIViewController+CWLateralSlide.h"; sourceTree = "<group>"; };
		8D9E01682AA7AF72008DE778 /* CWLateralSlideConfiguration.m */ = {isa = PBXFileReference; fileEncoding = 4; lastKnownFileType = sourcecode.c.objc; path = CWLateralSlideConfiguration.m; sourceTree = "<group>"; };
		8D9E016F2AA7C8F6008DE778 /* SuperSettingView.swift */ = {isa = PBXFileReference; lastKnownFileType = sourcecode.swift; path = SuperSettingView.swift; sourceTree = "<group>"; };
		8D9E01722AA80F9C008DE778 /* SuperRegularUtil.swift */ = {isa = PBXFileReference; fileEncoding = 4; lastKnownFileType = sourcecode.swift; path = SuperRegularUtil.swift; sourceTree = "<group>"; };
		8D9E01782AA81C84008DE778 /* SuperUIViewControllerExtension.swift */ = {isa = PBXFileReference; lastKnownFileType = sourcecode.swift; path = SuperUIViewControllerExtension.swift; sourceTree = "<group>"; };
		8D9E017A2AA84EFC008DE778 /* LoginController.swift */ = {isa = PBXFileReference; lastKnownFileType = sourcecode.swift; path = LoginController.swift; sourceTree = "<group>"; };
		8D9E017D2AA857B4008DE778 /* SuperInputView.swift */ = {isa = PBXFileReference; lastKnownFileType = sourcecode.swift; path = SuperInputView.swift; sourceTree = "<group>"; };
		8D9E01802AA857EC008DE778 /* BaseRelativeLayout.swift */ = {isa = PBXFileReference; lastKnownFileType = sourcecode.swift; path = BaseRelativeLayout.swift; sourceTree = "<group>"; };
		8D9E01822AA85D9C008DE778 /* StringUtil.swift */ = {isa = PBXFileReference; lastKnownFileType = sourcecode.swift; path = StringUtil.swift; sourceTree = "<group>"; };
		8D9E01842AA85F42008DE778 /* BaseLoginController.swift */ = {isa = PBXFileReference; lastKnownFileType = sourcecode.swift; path = BaseLoginController.swift; sourceTree = "<group>"; };
		8D9E01872AA8610A008DE778 /* Session.swift */ = {isa = PBXFileReference; lastKnownFileType = sourcecode.swift; path = Session.swift; sourceTree = "<group>"; };
		8D9E01892AA861DA008DE778 /* PreferenceUtil.swift */ = {isa = PBXFileReference; lastKnownFileType = sourcecode.swift; path = PreferenceUtil.swift; sourceTree = "<group>"; };
		8D9E018D2AA87433008DE778 /* UIViewControllerExtension.swift */ = {isa = PBXFileReference; lastKnownFileType = sourcecode.swift; path = UIViewControllerExtension.swift; sourceTree = "<group>"; };
		8D9E01912AA875FD008DE778 /* SuperDialogController.swift */ = {isa = PBXFileReference; lastKnownFileType = sourcecode.swift; path = SuperDialogController.swift; sourceTree = "<group>"; };
		8D9E01942AA8866A008DE778 /* UserDetailController.swift */ = {isa = PBXFileReference; lastKnownFileType = sourcecode.swift; path = UserDetailController.swift; sourceTree = "<group>"; };
		8D9E024E2AB5F753008DE778 /* RegisterController.swift */ = {isa = PBXFileReference; lastKnownFileType = sourcecode.swift; path = RegisterController.swift; sourceTree = "<group>"; };
		8DA405C52A6CD8FE0033F979 /* SuperDateUtil.swift */ = {isa = PBXFileReference; lastKnownFileType = sourcecode.swift; path = SuperDateUtil.swift; sourceTree = "<group>"; };
		8DA405CB2A6CDC460033F979 /* en */ = {isa = PBXFileReference; lastKnownFileType = text.plist.strings; name = en; path = en.lproj/Localizable.strings; sourceTree = "<group>"; };
		8DA405CD2A6CDC5E0033F979 /* zh-Hans */ = {isa = PBXFileReference; lastKnownFileType = text.plist.strings; name = "zh-Hans"; path = "zh-Hans.lproj/LaunchScreen.strings"; sourceTree = "<group>"; };
		8DA405CE2A6CDC5E0033F979 /* zh-Hans */ = {isa = PBXFileReference; lastKnownFileType = text.plist.strings; name = "zh-Hans"; path = "zh-Hans.lproj/Localizable.strings"; sourceTree = "<group>"; };
		8DAF42112A85FBC300C5097F /* SheetGroupCell.swift */ = {isa = PBXFileReference; lastKnownFileType = sourcecode.swift; path = SheetGroupCell.swift; sourceTree = "<group>"; };
		8DAF42132A85FCDE00C5097F /* ItemTitleView.swift */ = {isa = PBXFileReference; lastKnownFileType = sourcecode.swift; path = ItemTitleView.swift; sourceTree = "<group>"; };
		8DAF42152A85FF7C00C5097F /* SheetData.swift */ = {isa = PBXFileReference; lastKnownFileType = sourcecode.swift; path = SheetData.swift; sourceTree = "<group>"; };
		8DAF42182A8601BB00C5097F /* SuperImageExtension.swift */ = {isa = PBXFileReference; lastKnownFileType = sourcecode.swift; path = SuperImageExtension.swift; sourceTree = "<group>"; };
		8DAF421A2A86064E00C5097F /* BaseCollectionViewCell.swift */ = {isa = PBXFileReference; lastKnownFileType = sourcecode.swift; path = BaseCollectionViewCell.swift; sourceTree = "<group>"; };
		8DAF421C2A8607F400C5097F /* SheetCell.swift */ = {isa = PBXFileReference; lastKnownFileType = sourcecode.swift; path = SheetCell.swift; sourceTree = "<group>"; };
		8DAF421F2A8608CB00C5097F /* ViewCornerExtension.swift */ = {isa = PBXFileReference; lastKnownFileType = sourcecode.swift; path = ViewCornerExtension.swift; sourceTree = "<group>"; };
		8DAF42222A8609A800C5097F /* SuperConfig.swift */ = {isa = PBXFileReference; lastKnownFileType = sourcecode.swift; path = SuperConfig.swift; sourceTree = "<group>"; };
		8DD33B462A6F28B700A34010 /* DefaultPreferenceUtil.swift */ = {isa = PBXFileReference; lastKnownFileType = sourcecode.swift; path = DefaultPreferenceUtil.swift; sourceTree = "<group>"; };
		8DD33B4A2A6F2B7E00A34010 /* MainController.swift */ = {isa = PBXFileReference; lastKnownFileType = sourcecode.swift; path = MainController.swift; sourceTree = "<group>"; };
		8DD33B4E2A6F34E100A34010 /* LoginHomeController.swift */ = {isa = PBXFileReference; lastKnownFileType = sourcecode.swift; path = LoginHomeController.swift; sourceTree = "<group>"; };
		8DD33B522A6F392400A34010 /* UIView+YJBannerViewExt.m */ = {isa = PBXFileReference; fileEncoding = 4; lastKnownFileType = sourcecode.c.objc; path = "UIView+YJBannerViewExt.m"; sourceTree = "<group>"; };
		8DD33B532A6F392400A34010 /* UIView+YJBannerViewExt.h */ = {isa = PBXFileReference; fileEncoding = 4; lastKnownFileType = sourcecode.c.h; path = "UIView+YJBannerViewExt.h"; sourceTree = "<group>"; };
		8DD33B542A6F392400A34010 /* YJBannerView.m */ = {isa = PBXFileReference; fileEncoding = 4; lastKnownFileType = sourcecode.c.objc; path = YJBannerView.m; sourceTree = "<group>"; };
		8DD33B572A6F392400A34010 /* YJAnimatedDotView.h */ = {isa = PBXFileReference; fileEncoding = 4; lastKnownFileType = sourcecode.c.h; path = YJAnimatedDotView.h; sourceTree = "<group>"; };
		8DD33B582A6F392400A34010 /* YJHollowPageControl.m */ = {isa = PBXFileReference; fileEncoding = 4; lastKnownFileType = sourcecode.c.objc; path = YJHollowPageControl.m; sourceTree = "<group>"; };
		8DD33B592A6F392400A34010 /* YJAbstractDotView.m */ = {isa = PBXFileReference; fileEncoding = 4; lastKnownFileType = sourcecode.c.objc; path = YJAbstractDotView.m; sourceTree = "<group>"; };
		8DD33B5A2A6F392400A34010 /* YJAnimatedDotView.m */ = {isa = PBXFileReference; fileEncoding = 4; lastKnownFileType = sourcecode.c.objc; path = YJAnimatedDotView.m; sourceTree = "<group>"; };
		8DD33B5B2A6F392400A34010 /* YJHollowPageControl.h */ = {isa = PBXFileReference; fileEncoding = 4; lastKnownFileType = sourcecode.c.h; path = YJHollowPageControl.h; sourceTree = "<group>"; };
		8DD33B5C2A6F392400A34010 /* YJAbstractDotView.h */ = {isa = PBXFileReference; fileEncoding = 4; lastKnownFileType = sourcecode.c.h; path = YJAbstractDotView.h; sourceTree = "<group>"; };
		8DD33B5D2A6F392400A34010 /* YJBannerView.h */ = {isa = PBXFileReference; fileEncoding = 4; lastKnownFileType = sourcecode.c.h; path = YJBannerView.h; sourceTree = "<group>"; };
		8DD33B5F2A6F392400A34010 /* YJBannerView.bundle */ = {isa = PBXFileReference; lastKnownFileType = "wrapper.plug-in"; path = YJBannerView.bundle; sourceTree = "<group>"; };
		8DD33B612A6F392400A34010 /* YJBannerViewCollectionView.m */ = {isa = PBXFileReference; fileEncoding = 4; lastKnownFileType = sourcecode.c.objc; path = YJBannerViewCollectionView.m; sourceTree = "<group>"; };
		8DD33B622A6F392400A34010 /* YJBannerViewCell.m */ = {isa = PBXFileReference; fileEncoding = 4; lastKnownFileType = sourcecode.c.objc; path = YJBannerViewCell.m; sourceTree = "<group>"; };
		8DD33B632A6F392400A34010 /* YJBannerViewFooter.h */ = {isa = PBXFileReference; fileEncoding = 4; lastKnownFileType = sourcecode.c.h; path = YJBannerViewFooter.h; sourceTree = "<group>"; };
		8DD33B642A6F392400A34010 /* YJBannerViewCollectionView.h */ = {isa = PBXFileReference; fileEncoding = 4; lastKnownFileType = sourcecode.c.h; path = YJBannerViewCollectionView.h; sourceTree = "<group>"; };
		8DD33B652A6F392400A34010 /* YJBannerViewFooter.m */ = {isa = PBXFileReference; fileEncoding = 4; lastKnownFileType = sourcecode.c.objc; path = YJBannerViewFooter.m; sourceTree = "<group>"; };
		8DD33B662A6F392400A34010 /* YJBannerViewCell.h */ = {isa = PBXFileReference; fileEncoding = 4; lastKnownFileType = sourcecode.c.h; path = YJBannerViewCell.h; sourceTree = "<group>"; };
		8DD33B702A6F53D900A34010 /* Config.swift */ = {isa = PBXFileReference; lastKnownFileType = sourcecode.swift; path = Config.swift; sourceTree = "<group>"; };
		8DD33B732A6F645000A34010 /* DefaultService.swift */ = {isa = PBXFileReference; lastKnownFileType = sourcecode.swift; path = DefaultService.swift; sourceTree = "<group>"; };
		8DD33B772A6F650400A34010 /* User.swift */ = {isa = PBXFileReference; lastKnownFileType = sourcecode.swift; path = User.swift; sourceTree = "<group>"; };
		8DD33B792A6F677700A34010 /* ParamUtil.swift */ = {isa = PBXFileReference; lastKnownFileType = sourcecode.swift; path = ParamUtil.swift; sourceTree = "<group>"; };
		8DD33B7C2A6F73E400A34010 /* SheetListResponse.swift */ = {isa = PBXFileReference; lastKnownFileType = sourcecode.swift; path = SheetListResponse.swift; sourceTree = "<group>"; };
		8DD33B7E2A6F748A00A34010 /* PageResponse.swift */ = {isa = PBXFileReference; lastKnownFileType = sourcecode.swift; path = PageResponse.swift; sourceTree = "<group>"; };
		8DD33B822A6F74E500A34010 /* Sheet.swift */ = {isa = PBXFileReference; lastKnownFileType = sourcecode.swift; path = Sheet.swift; sourceTree = "<group>"; };
		8DD33B852A6F7CC300A34010 /* ObservableMoyaExtension.swift */ = {isa = PBXFileReference; lastKnownFileType = sourcecode.swift; path = ObservableMoyaExtension.swift; sourceTree = "<group>"; };
		8DD33B872A6F809E00A34010 /* BaseModel.swift */ = {isa = PBXFileReference; lastKnownFileType = sourcecode.swift; path = BaseModel.swift; sourceTree = "<group>"; };
		8DD33B892A6F80FF00A34010 /* BaseId.swift */ = {isa = PBXFileReference; lastKnownFileType = sourcecode.swift; path = BaseId.swift; sourceTree = "<group>"; };
		8DD33B8B2A6F813200A34010 /* BaseCommon.swift */ = {isa = PBXFileReference; lastKnownFileType = sourcecode.swift; path = BaseCommon.swift; sourceTree = "<group>"; };
		8DD33B8E2A6F82B200A34010 /* ListResponse.swift */ = {isa = PBXFileReference; lastKnownFileType = sourcecode.swift; path = ListResponse.swift; sourceTree = "<group>"; };
		8DD33B902A6F836100A34010 /* BaseResponse.swift */ = {isa = PBXFileReference; lastKnownFileType = sourcecode.swift; path = BaseResponse.swift; sourceTree = "<group>"; };
		8DD33B922A6F83B800A34010 /* DetailResponse.swift */ = {isa = PBXFileReference; lastKnownFileType = sourcecode.swift; path = DetailResponse.swift; sourceTree = "<group>"; };
		8DD33B942A6F846F00A34010 /* Meta.swift */ = {isa = PBXFileReference; lastKnownFileType = sourcecode.swift; path = Meta.swift; sourceTree = "<group>"; };
		8DD33B982A6F86CA00A34010 /* Ad.swift */ = {isa = PBXFileReference; lastKnownFileType = sourcecode.swift; path = Ad.swift; sourceTree = "<group>"; };
		8DD33B9C2A7041B700A34010 /* SuperToast.swift */ = {isa = PBXFileReference; lastKnownFileType = sourcecode.swift; path = SuperToast.swift; sourceTree = "<group>"; };
		8DD33B9E2A706C4A00A34010 /* ExceptionHandleUtil.swift */ = {isa = PBXFileReference; lastKnownFileType = sourcecode.swift; path = ExceptionHandleUtil.swift; sourceTree = "<group>"; };
		8DD33BA12A70762B00A34010 /* DefaultRepository.swift */ = {isa = PBXFileReference; lastKnownFileType = sourcecode.swift; path = DefaultRepository.swift; sourceTree = "<group>"; };
		8DD33C102A73635800A34010 /* DiscoveryController.swift */ = {isa = PBXFileReference; lastKnownFileType = sourcecode.swift; path = DiscoveryController.swift; sourceTree = "<group>"; };
		8DD33C152A73639600A34010 /* VideoController.swift */ = {isa = PBXFileReference; lastKnownFileType = sourcecode.swift; path = VideoController.swift; sourceTree = "<group>"; };
		8DD33C192A7363B800A34010 /* MeController.swift */ = {isa = PBXFileReference; lastKnownFileType = sourcecode.swift; path = MeController.swift; sourceTree = "<group>"; };
		8DD33C1D2A7363EC00A34010 /* FeedController.swift */ = {isa = PBXFileReference; lastKnownFileType = sourcecode.swift; path = FeedController.swift; sourceTree = "<group>"; };
		8DD33C212A73641500A34010 /* RoomController.swift */ = {isa = PBXFileReference; lastKnownFileType = sourcecode.swift; path = RoomController.swift; sourceTree = "<group>"; };
		8DD33C252A736DB000A34010 /* BannerData.swift */ = {isa = PBXFileReference; lastKnownFileType = sourcecode.swift; path = BannerData.swift; sourceTree = "<group>"; };
		8DD33C292A7370EC00A34010 /* BaseTableViewCell.swift */ = {isa = PBXFileReference; lastKnownFileType = sourcecode.swift; path = BaseTableViewCell.swift; sourceTree = "<group>"; };
		8DD33C2B2A7373DB00A34010 /* BannerCell.swift */ = {isa = PBXFileReference; lastKnownFileType = sourcecode.swift; path = BannerCell.swift; sourceTree = "<group>"; };
		8DD33C2D2A73794A00A34010 /* ResourceUtil.swift */ = {isa = PBXFileReference; lastKnownFileType = sourcecode.swift; path = ResourceUtil.swift; sourceTree = "<group>"; };
		8DD33C2F2A73889300A34010 /* DiscoveryButtonCell.swift */ = {isa = PBXFileReference; lastKnownFileType = sourcecode.swift; path = DiscoveryButtonCell.swift; sourceTree = "<group>"; };
		8DD33C312A7389E900A34010 /* ButtonData.swift */ = {isa = PBXFileReference; lastKnownFileType = sourcecode.swift; path = ButtonData.swift; sourceTree = "<group>"; };
		8DD33C342A7392A800A34010 /* DiscoveryButtonView.swift */ = {isa = PBXFileReference; lastKnownFileType = sourcecode.swift; path = DiscoveryButtonView.swift; sourceTree = "<group>"; };
		8DDB15662A91602600B25482 /* ViewExtension.swift */ = {isa = PBXFileReference; lastKnownFileType = sourcecode.swift; path = ViewExtension.swift; sourceTree = "<group>"; };
		8DDB15682A91619C00B25482 /* BaseMainController.swift */ = {isa = PBXFileReference; lastKnownFileType = sourcecode.swift; path = BaseMainController.swift; sourceTree = "<group>"; };
		8DDB156D2A91826000B25482 /* SuperWebController.swift */ = {isa = PBXFileReference; lastKnownFileType = sourcecode.swift; path = SuperWebController.swift; sourceTree = "<group>"; };
		8DEBED2D2A6C4F7A00303597 /* MelodyMusic.app */ = {isa = PBXFileReference; explicitFileType = wrapper.application; includeInIndex = 0; path = MelodyMusic.app; sourceTree = BUILT_PRODUCTS_DIR; };
		8DEBED302A6C4F7A00303597 /* AppDelegate.swift */ = {isa = PBXFileReference; lastKnownFileType = sourcecode.swift; path = AppDelegate.swift; sourceTree = "<group>"; };
		8DEBED342A6C4F7A00303597 /* SplashController.swift */ = {isa = PBXFileReference; lastKnownFileType = sourcecode.swift; path = SplashController.swift; sourceTree = "<group>"; };
		8DEBED392A6C4F7B00303597 /* Assets.xcassets */ = {isa = PBXFileReference; lastKnownFileType = folder.assetcatalog; path = Assets.xcassets; sourceTree = "<group>"; };
		8DEBED3C2A6C4F7B00303597 /* Base */ = {isa = PBXFileReference; lastKnownFileType = file.storyboard; name = Base; path = Base.lproj/LaunchScreen.storyboard; sourceTree = "<group>"; };
		8DEBED3E2A6C4F7B00303597 /* Info.plist */ = {isa = PBXFileReference; lastKnownFileType = text.plist.xml; path = Info.plist; sourceTree = "<group>"; };
		8DEBED432A6C4F7B00303597 /* MelodyMusicTests.xctest */ = {isa = PBXFileReference; explicitFileType = wrapper.cfbundle; includeInIndex = 0; path = MelodyMusicTests.xctest; sourceTree = BUILT_PRODUCTS_DIR; };
		8DEBED472A6C4F7B00303597 /* MelodyMusicTests.swift */ = {isa = PBXFileReference; lastKnownFileType = sourcecode.swift; path = MelodyMusicTests.swift; sourceTree = "<group>"; };
		8DEBED4D2A6C4F7B00303597 /* MelodyMusicUITests.xctest */ = {isa = PBXFileReference; explicitFileType = wrapper.cfbundle; includeInIndex = 0; path = MelodyMusicUITests.xctest; sourceTree = BUILT_PRODUCTS_DIR; };
		8DEBED512A6C4F7B00303597 /* MelodyMusicUITests.swift */ = {isa = PBXFileReference; lastKnownFileType = sourcecode.swift; path = MelodyMusicUITests.swift; sourceTree = "<group>"; };
		8DEBED532A6C4F7B00303597 /* MelodyMusicUITestsLaunchTests.swift */ = {isa = PBXFileReference; lastKnownFileType = sourcecode.swift; path = MelodyMusicUITestsLaunchTests.swift; sourceTree = "<group>"; };
		8DED454C2A8A71270025EC7F /* ImageViewKingfisherExtension.swift */ = {isa = PBXFileReference; lastKnownFileType = sourcecode.swift; path = ImageViewKingfisherExtension.swift; sourceTree = "<group>"; };
		8DED454F2A8A71F60025EC7F /* SuperStringUtil.swift */ = {isa = PBXFileReference; lastKnownFileType = sourcecode.swift; path = SuperStringUtil.swift; sourceTree = "<group>"; };
		8DED45512A8A751B0025EC7F /* StringExtension.swift */ = {isa = PBXFileReference; lastKnownFileType = sourcecode.swift; path = StringExtension.swift; sourceTree = "<group>"; };
		8DED45532A8A7C870025EC7F /* SongGroupCell.swift */ = {isa = PBXFileReference; lastKnownFileType = sourcecode.swift; path = SongGroupCell.swift; sourceTree = "<group>"; };
		8DED45572A8A7E930025EC7F /* Song.swift */ = {isa = PBXFileReference; lastKnownFileType = sourcecode.swift; path = Song.swift; sourceTree = "<group>"; };
		8DED45592A8A80920025EC7F /* SongData.swift */ = {isa = PBXFileReference; lastKnownFileType = sourcecode.swift; path = SongData.swift; sourceTree = "<group>"; };
		8DED455B2A8A83640025EC7F /* DiscoverySongCell.swift */ = {isa = PBXFileReference; lastKnownFileType = sourcecode.swift; path = DiscoverySongCell.swift; sourceTree = "<group>"; };
		8DED455D2A8D96120025EC7F /* DiscoveryFooterCell.swift */ = {isa = PBXFileReference; lastKnownFileType = sourcecode.swift; path = DiscoveryFooterCell.swift; sourceTree = "<group>"; };
		8DED455F2A8D99470025EC7F /* FooterData.swift */ = {isa = PBXFileReference; lastKnownFileType = sourcecode.swift; path = FooterData.swift; sourceTree = "<group>"; };
		8F49BAF81D597800B0950D60 /* Pods_MelodyMusic.framework */ = {isa = PBXFileReference; explicitFileType = wrapper.framework; includeInIndex = 0; path = Pods_MelodyMusic.framework; sourceTree = BUILT_PRODUCTS_DIR; };
/* End PBXFileReference section */

/* Begin PBXFrameworksBuildPhase section */
		8DEBED2A2A6C4F7A00303597 /* Frameworks */ = {
			isa = PBXFrameworksBuildPhase;
			buildActionMask = 2147483647;
			files = (
				CEAC666C7A528C0B23B508BF /* Pods_MelodyMusic.framework in Frameworks */,
			);
			runOnlyForDeploymentPostprocessing = 0;
		};
		8DEBED402A6C4F7B00303597 /* Frameworks */ = {
			isa = PBXFrameworksBuildPhase;
			buildActionMask = 2147483647;
			files = (
			);
			runOnlyForDeploymentPostprocessing = 0;
		};
		8DEBED4A2A6C4F7B00303597 /* Frameworks */ = {
			isa = PBXFrameworksBuildPhase;
			buildActionMask = 2147483647;
			files = (
			);
			runOnlyForDeploymentPostprocessing = 0;
		};
/* End PBXFrameworksBuildPhase section */

/* Begin PBXGroup section */
		8D7944BC2A912A5000B0B6D9 /* Toolbar */ = {
			isa = PBXGroup;
			children = (
				8D7944BD2A912A7100B0B6D9 /* SuperToolbarView.swift */,
			);
			path = Toolbar;
			sourceTree = "<group>";
		};
		8D7E866A2A6CECFF008580A9 /* Config */ = {
			isa = PBXGroup;
			children = (
				8D7E866B2A6CED2E008580A9 /* SuperUIColorExtension.swift */,
				8D7E866D2A6CF007008580A9 /* SuperUIThemeExtension.swift */,
				8DD33B702A6F53D900A34010 /* Config.swift */,
			);
			path = Config;
			sourceTree = "<group>";
		};
		8D7E866F2A6CF4DF008580A9 /* Controller */ = {
			isa = PBXGroup;
			children = (
				8D7E86702A6CF505008580A9 /* BaseController.swift */,
				8D7E86722A6CF58D008580A9 /* BaseCommonController.swift */,
				8D7E86742A6CF5E7008580A9 /* BaseLogicController.swift */,
				8D7E86762A6CFC79008580A9 /* BaseTitleController.swift */,
			);
			path = Controller;
			sourceTree = "<group>";
		};
		8D7E867D2A6D0486008580A9 /* Util */ = {
			isa = PBXGroup;
			children = (
				8D7E867E2A6D049C008580A9 /* ViewFactoryUtil.swift */,
				8D7E86802A6D0578008580A9 /* Constants.swift */,
				8DD33B462A6F28B700A34010 /* DefaultPreferenceUtil.swift */,
				8DD33B792A6F677700A34010 /* ParamUtil.swift */,
				8DD33B9E2A706C4A00A34010 /* ExceptionHandleUtil.swift */,
				8DD33C2D2A73794A00A34010 /* ResourceUtil.swift */,
				8D9E01822AA85D9C008DE778 /* StringUtil.swift */,
				8D9E01892AA861DA008DE778 /* PreferenceUtil.swift */,
			);
			path = Util;
			sourceTree = "<group>";
		};
		8D7E86822A6D0CB6008580A9 /* Guide */ = {
			isa = PBXGroup;
			children = (
				8D7E86832A6D0CC4008580A9 /* Controller */,
			);
			path = Guide;
			sourceTree = "<group>";
		};
		8D7E86832A6D0CC4008580A9 /* Controller */ = {
			isa = PBXGroup;
			children = (
				8D7E86842A6D0CEB008580A9 /* GuideController.swift */,
			);
			path = Controller;
			sourceTree = "<group>";
		};
		8D90166E2A6C5F8C00A4F688 /* Controller */ = {
			isa = PBXGroup;
			children = (
				8DEBED342A6C4F7A00303597 /* SplashController.swift */,
				8D7E867B2A6D0042008580A9 /* TermServiceDialogController.swift */,
			);
			path = Controller;
			sourceTree = "<group>";
		};
		8D9E015A2AA7AED1008DE778 /* Drawer */ = {
			isa = PBXGroup;
			children = (
				8D9E015B2AA7AEDA008DE778 /* Controller */,
			);
			path = Drawer;
			sourceTree = "<group>";
		};
		8D9E015B2AA7AEDA008DE778 /* Controller */ = {
			isa = PBXGroup;
			children = (
				8D9E015C2AA7AEF5008DE778 /* DrawerController.swift */,
			);
			path = Controller;
			sourceTree = "<group>";
		};
		8D9E015E2AA7AF72008DE778 /* CWLateralSlide */ = {
			isa = PBXGroup;
			children = (
				8D9E015F2AA7AF72008DE778 /* CWInteractiveTransition.m */,
				8D9E01602AA7AF72008DE778 /* CWDrawerTransition.h */,
				8D9E01612AA7AF72008DE778 /* CWLateralSlideAnimator.h */,
				8D9E01622AA7AF72008DE778 /* UIViewController+CWLateralSlide.m */,
				8D9E01632AA7AF72008DE778 /* CWLateralSlideConfiguration.h */,
				8D9E01642AA7AF72008DE778 /* CWInteractiveTransition.h */,
				8D9E01652AA7AF72008DE778 /* CWLateralSlideAnimator.m */,
				8D9E01662AA7AF72008DE778 /* CWDrawerTransition.m */,
				8D9E01672AA7AF72008DE778 /* UIViewController+CWLateralSlide.h */,
				8D9E01682AA7AF72008DE778 /* CWLateralSlideConfiguration.m */,
			);
			path = CWLateralSlide;
			sourceTree = "<group>";
		};
		8D9E016E2AA7C8C8008DE778 /* Setting */ = {
			isa = PBXGroup;
			children = (
				8D9E016F2AA7C8F6008DE778 /* SuperSettingView.swift */,
			);
			path = Setting;
			sourceTree = "<group>";
		};
		8D9E01712AA80F7C008DE778 /* Regular */ = {
			isa = PBXGroup;
			children = (
				8D9E01722AA80F9C008DE778 /* SuperRegularUtil.swift */,
			);
			path = Regular;
			sourceTree = "<group>";
		};
		8D9E01772AA81C66008DE778 /* Controller */ = {
			isa = PBXGroup;
			children = (
				8D9E01782AA81C84008DE778 /* SuperUIViewControllerExtension.swift */,
			);
			path = Controller;
			sourceTree = "<group>";
		};
		8D9E017C2AA85787008DE778 /* Input */ = {
			isa = PBXGroup;
			children = (
				8D9E017D2AA857B4008DE778 /* SuperInputView.swift */,
			);
			path = Input;
			sourceTree = "<group>";
		};
		8D9E017F2AA857DB008DE778 /* View */ = {
			isa = PBXGroup;
			children = (
				8D9E01802AA857EC008DE778 /* BaseRelativeLayout.swift */,
			);
			path = View;
			sourceTree = "<group>";
		};
		8D9E01862AA860FF008DE778 /* Model */ = {
			isa = PBXGroup;
			children = (
				8D9E01872AA8610A008DE778 /* Session.swift */,
			);
			path = Model;
			sourceTree = "<group>";
		};
		8D9E01902AA875C0008DE778 /* Dialog */ = {
			isa = PBXGroup;
			children = (
				8D9E01912AA875FD008DE778 /* SuperDialogController.swift */,
			);
			path = Dialog;
			sourceTree = "<group>";
		};
		8D9E01932AA88655008DE778 /* Controller */ = {
			isa = PBXGroup;
			children = (
				8D9E01942AA8866A008DE778 /* UserDetailController.swift */,
			);
			path = Controller;
			sourceTree = "<group>";
		};
		8D9E024C2AB5F72E008DE778 /* Register */ = {
			isa = PBXGroup;
			children = (
				8D9E024D2AB5F737008DE778 /* Controller */,
			);
			path = Register;
			sourceTree = "<group>";
		};
		8D9E024D2AB5F737008DE778 /* Controller */ = {
			isa = PBXGroup;
			children = (
				8D9E024E2AB5F753008DE778 /* RegisterController.swift */,
			);
			path = Controller;
			sourceTree = "<group>";
		};
		8DA405C02A6CD3130033F979 /* Splash */ = {
			isa = PBXGroup;
			children = (
				8D90166E2A6C5F8C00A4F688 /* Controller */,
			);
			path = Splash;
			sourceTree = "<group>";
		};
		8DA405C12A6CD3300033F979 /* Component */ = {
			isa = PBXGroup;
			children = (
				8D9E024C2AB5F72E008DE778 /* Register */,
				8D9E015A2AA7AED1008DE778 /* Drawer */,
				8DED45552A8A7E7B0025EC7F /* Song */,
				8DD33C1F2A7363FE00A34010 /* Room */,
				8DD33C1B2A7363D300A34010 /* Feed */,
				8DD33C172A7363A300A34010 /* Me */,
				8DD33C132A73637F00A34010 /* Video */,
				8DD33C0E2A73632900A34010 /* Discovery */,
				8DD33B962A6F86B700A34010 /* Ad */,
				8DD33B802A6F74D000A34010 /* Sheet */,
				8DD33B752A6F64F400A34010 /* User */,
				8DD33B4C2A6F34BE00A34010 /* Login */,
				8DD33B482A6F2B5500A34010 /* Main */,
				8D7E86822A6D0CB6008580A9 /* Guide */,
				8DA405C02A6CD3130033F979 /* Splash */,
			);
			path = Component;
			sourceTree = "<group>";
		};
		8DA405C22A6CD8870033F979 /* Vendor */ = {
			isa = PBXGroup;
			children = (
				8D9E015E2AA7AF72008DE778 /* CWLateralSlide */,
				8DD33B502A6F392400A34010 /* YJBannerView */,
				8DD33B9A2A70414200A34010 /* SuperUI */,
				8DA405C32A6CD8920033F979 /* SuperSwift */,
			);
			path = Vendor;
			sourceTree = "<group>";
		};
		8DA405C32A6CD8920033F979 /* SuperSwift */ = {
			isa = PBXGroup;
			children = (
				8D9E01712AA80F7C008DE778 /* Regular */,
				8DED454E2A8A71EB0025EC7F /* String */,
				8DA405C42A6CD89C0033F979 /* Date */,
			);
			path = SuperSwift;
			sourceTree = "<group>";
		};
		8DA405C42A6CD89C0033F979 /* Date */ = {
			isa = PBXGroup;
			children = (
				8DA405C52A6CD8FE0033F979 /* SuperDateUtil.swift */,
			);
			path = Date;
			sourceTree = "<group>";
		};
		8DAF42172A8601A800C5097F /* Image */ = {
			isa = PBXGroup;
			children = (
				8DAF42182A8601BB00C5097F /* SuperImageExtension.swift */,
				8DED454C2A8A71270025EC7F /* ImageViewKingfisherExtension.swift */,
			);
			path = Image;
			sourceTree = "<group>";
		};
		8DAF421E2A8608B900C5097F /* View */ = {
			isa = PBXGroup;
			children = (
				8DAF421F2A8608CB00C5097F /* ViewCornerExtension.swift */,
				8DDB15662A91602600B25482 /* ViewExtension.swift */,
			);
			path = View;
			sourceTree = "<group>";
		};
		8DAF42212A86099900C5097F /* Config */ = {
			isa = PBXGroup;
			children = (
				8DAF42222A8609A800C5097F /* SuperConfig.swift */,
			);
			path = Config;
			sourceTree = "<group>";
		};
		8DD33B482A6F2B5500A34010 /* Main */ = {
			isa = PBXGroup;
			children = (
				8DD33B492A6F2B6100A34010 /* Controller */,
			);
			path = Main;
			sourceTree = "<group>";
		};
		8DD33B492A6F2B6100A34010 /* Controller */ = {
			isa = PBXGroup;
			children = (
				8DD33B4A2A6F2B7E00A34010 /* MainController.swift */,
			);
			path = Controller;
			sourceTree = "<group>";
		};
		8DD33B4C2A6F34BE00A34010 /* Login */ = {
			isa = PBXGroup;
			children = (
				8D9E01862AA860FF008DE778 /* Model */,
				8DD33B4D2A6F34C300A34010 /* Controller */,
			);
			path = Login;
			sourceTree = "<group>";
		};
		8DD33B4D2A6F34C300A34010 /* Controller */ = {
			isa = PBXGroup;
			children = (
				8DD33B4E2A6F34E100A34010 /* LoginHomeController.swift */,
				8D9E017A2AA84EFC008DE778 /* LoginController.swift */,
				8D9E01842AA85F42008DE778 /* BaseLoginController.swift */,
			);
			path = Controller;
			sourceTree = "<group>";
		};
		8DD33B502A6F392400A34010 /* YJBannerView */ = {
			isa = PBXGroup;
			children = (
				8DD33B512A6F392400A34010 /* Tools */,
				8DD33B542A6F392400A34010 /* YJBannerView.m */,
				8DD33B552A6F392400A34010 /* PageControls */,
				8DD33B5D2A6F392400A34010 /* YJBannerView.h */,
				8DD33B5E2A6F392400A34010 /* Resource */,
				8DD33B602A6F392400A34010 /* Views */,
			);
			path = YJBannerView;
			sourceTree = "<group>";
		};
		8DD33B512A6F392400A34010 /* Tools */ = {
			isa = PBXGroup;
			children = (
				8DD33B522A6F392400A34010 /* UIView+YJBannerViewExt.m */,
				8DD33B532A6F392400A34010 /* UIView+YJBannerViewExt.h */,
			);
			path = Tools;
			sourceTree = "<group>";
		};
		8DD33B552A6F392400A34010 /* PageControls */ = {
			isa = PBXGroup;
			children = (
				8DD33B562A6F392400A34010 /* YJHollowPageControl */,
			);
			path = PageControls;
			sourceTree = "<group>";
		};
		8DD33B562A6F392400A34010 /* YJHollowPageControl */ = {
			isa = PBXGroup;
			children = (
				8DD33B572A6F392400A34010 /* YJAnimatedDotView.h */,
				8DD33B582A6F392400A34010 /* YJHollowPageControl.m */,
				8DD33B592A6F392400A34010 /* YJAbstractDotView.m */,
				8DD33B5A2A6F392400A34010 /* YJAnimatedDotView.m */,
				8DD33B5B2A6F392400A34010 /* YJHollowPageControl.h */,
				8DD33B5C2A6F392400A34010 /* YJAbstractDotView.h */,
			);
			path = YJHollowPageControl;
			sourceTree = "<group>";
		};
		8DD33B5E2A6F392400A34010 /* Resource */ = {
			isa = PBXGroup;
			children = (
				8DD33B5F2A6F392400A34010 /* YJBannerView.bundle */,
			);
			path = Resource;
			sourceTree = "<group>";
		};
		8DD33B602A6F392400A34010 /* Views */ = {
			isa = PBXGroup;
			children = (
				8DD33B612A6F392400A34010 /* YJBannerViewCollectionView.m */,
				8DD33B622A6F392400A34010 /* YJBannerViewCell.m */,
				8DD33B632A6F392400A34010 /* YJBannerViewFooter.h */,
				8DD33B642A6F392400A34010 /* YJBannerViewCollectionView.h */,
				8DD33B652A6F392400A34010 /* YJBannerViewFooter.m */,
				8DD33B662A6F392400A34010 /* YJBannerViewCell.h */,
			);
			path = Views;
			sourceTree = "<group>";
		};
		8DD33B722A6F642B00A34010 /* Service */ = {
			isa = PBXGroup;
			children = (
				8DD33B732A6F645000A34010 /* DefaultService.swift */,
			);
			path = Service;
			sourceTree = "<group>";
		};
		8DD33B752A6F64F400A34010 /* User */ = {
			isa = PBXGroup;
			children = (
				8D9E01932AA88655008DE778 /* Controller */,
				8DD33B762A6F64FB00A34010 /* Model */,
			);
			path = User;
			sourceTree = "<group>";
		};
		8DD33B762A6F64FB00A34010 /* Model */ = {
			isa = PBXGroup;
			children = (
				8DD33B772A6F650400A34010 /* User.swift */,
			);
			path = Model;
			sourceTree = "<group>";
		};
		8DD33B7B2A6F73C400A34010 /* Model */ = {
			isa = PBXGroup;
			children = (
				8DD33B8D2A6F82A500A34010 /* Response */,
				8DD33B7C2A6F73E400A34010 /* SheetListResponse.swift */,
				8DD33B7E2A6F748A00A34010 /* PageResponse.swift */,
				8DD33B872A6F809E00A34010 /* BaseModel.swift */,
				8DD33B892A6F80FF00A34010 /* BaseId.swift */,
				8DD33B8B2A6F813200A34010 /* BaseCommon.swift */,
			);
			path = Model;
			sourceTree = "<group>";
		};
		8DD33B802A6F74D000A34010 /* Sheet */ = {
			isa = PBXGroup;
			children = (
				8DD33B812A6F74DA00A34010 /* Model */,
			);
			path = Sheet;
			sourceTree = "<group>";
		};
		8DD33B812A6F74DA00A34010 /* Model */ = {
			isa = PBXGroup;
			children = (
				8DD33B822A6F74E500A34010 /* Sheet.swift */,
			);
			path = Model;
			sourceTree = "<group>";
		};
		8DD33B842A6F7C8600A34010 /* Extension */ = {
			isa = PBXGroup;
			children = (
				8DD33B852A6F7CC300A34010 /* ObservableMoyaExtension.swift */,
				8DED45512A8A751B0025EC7F /* StringExtension.swift */,
				8D9E018D2AA87433008DE778 /* UIViewControllerExtension.swift */,
			);
			path = Extension;
			sourceTree = "<group>";
		};
		8DD33B8D2A6F82A500A34010 /* Response */ = {
			isa = PBXGroup;
			children = (
				8DD33B8E2A6F82B200A34010 /* ListResponse.swift */,
				8DD33B902A6F836100A34010 /* BaseResponse.swift */,
				8DD33B922A6F83B800A34010 /* DetailResponse.swift */,
				8DD33B942A6F846F00A34010 /* Meta.swift */,
			);
			path = Response;
			sourceTree = "<group>";
		};
		8DD33B962A6F86B700A34010 /* Ad */ = {
			isa = PBXGroup;
			children = (
				8DD33B972A6F86BC00A34010 /* Model */,
			);
			path = Ad;
			sourceTree = "<group>";
		};
		8DD33B972A6F86BC00A34010 /* Model */ = {
			isa = PBXGroup;
			children = (
				8DD33B982A6F86CA00A34010 /* Ad.swift */,
			);
			path = Model;
			sourceTree = "<group>";
		};
		8DD33B9A2A70414200A34010 /* SuperUI */ = {
			isa = PBXGroup;
			children = (
				8D9E01902AA875C0008DE778 /* Dialog */,
				8D9E017C2AA85787008DE778 /* Input */,
				8D9E01772AA81C66008DE778 /* Controller */,
				8D9E016E2AA7C8C8008DE778 /* Setting */,
				8DDB156C2A91824800B25482 /* Web */,
				8D7944BC2A912A5000B0B6D9 /* Toolbar */,
				8DAF42212A86099900C5097F /* Config */,
				8DAF421E2A8608B900C5097F /* View */,
				8DAF42172A8601A800C5097F /* Image */,
				8DD33B9B2A7041A300A34010 /* Toast */,
			);
			path = SuperUI;
			sourceTree = "<group>";
		};
		8DD33B9B2A7041A300A34010 /* Toast */ = {
			isa = PBXGroup;
			children = (
				8DD33B9C2A7041B700A34010 /* SuperToast.swift */,
			);
			path = Toast;
			sourceTree = "<group>";
		};
		8DD33BA02A70761900A34010 /* Repository */ = {
			isa = PBXGroup;
			children = (
				8DD33BA12A70762B00A34010 /* DefaultRepository.swift */,
			);
			path = Repository;
			sourceTree = "<group>";
		};
		8DD33C0E2A73632900A34010 /* Discovery */ = {
			isa = PBXGroup;
			children = (
				8DD33C332A73927B00A34010 /* View */,
				8DD33C272A7370A700A34010 /* Cell */,
				8DD33C232A736D9800A34010 /* Model */,
				8DD33C0F2A73633900A34010 /* Controller */,
			);
			path = Discovery;
			sourceTree = "<group>";
		};
		8DD33C0F2A73633900A34010 /* Controller */ = {
			isa = PBXGroup;
			children = (
				8DD33C102A73635800A34010 /* DiscoveryController.swift */,
				8DDB15682A91619C00B25482 /* BaseMainController.swift */,
			);
			path = Controller;
			sourceTree = "<group>";
		};
		8DD33C132A73637F00A34010 /* Video */ = {
			isa = PBXGroup;
			children = (
				8DD33C142A73638500A34010 /* Controller */,
			);
			path = Video;
			sourceTree = "<group>";
		};
		8DD33C142A73638500A34010 /* Controller */ = {
			isa = PBXGroup;
			children = (
				8DD33C152A73639600A34010 /* VideoController.swift */,
			);
			path = Controller;
			sourceTree = "<group>";
		};
		8DD33C172A7363A300A34010 /* Me */ = {
			isa = PBXGroup;
			children = (
				8DD33C182A7363A700A34010 /* Controller */,
			);
			path = Me;
			sourceTree = "<group>";
		};
		8DD33C182A7363A700A34010 /* Controller */ = {
			isa = PBXGroup;
			children = (
				8DD33C192A7363B800A34010 /* MeController.swift */,
			);
			path = Controller;
			sourceTree = "<group>";
		};
		8DD33C1B2A7363D300A34010 /* Feed */ = {
			isa = PBXGroup;
			children = (
				8DD33C1C2A7363DB00A34010 /* Controller */,
			);
			path = Feed;
			sourceTree = "<group>";
		};
		8DD33C1C2A7363DB00A34010 /* Controller */ = {
			isa = PBXGroup;
			children = (
				8DD33C1D2A7363EC00A34010 /* FeedController.swift */,
			);
			path = Controller;
			sourceTree = "<group>";
		};
		8DD33C1F2A7363FE00A34010 /* Room */ = {
			isa = PBXGroup;
			children = (
				8DD33C202A73640300A34010 /* Controller */,
			);
			path = Room;
			sourceTree = "<group>";
		};
		8DD33C202A73640300A34010 /* Controller */ = {
			isa = PBXGroup;
			children = (
				8DD33C212A73641500A34010 /* RoomController.swift */,
			);
			path = Controller;
			sourceTree = "<group>";
		};
		8DD33C232A736D9800A34010 /* Model */ = {
			isa = PBXGroup;
			children = (
				8DD33C242A736DA200A34010 /* UI */,
			);
			path = Model;
			sourceTree = "<group>";
		};
		8DD33C242A736DA200A34010 /* UI */ = {
			isa = PBXGroup;
			children = (
				8DD33C252A736DB000A34010 /* BannerData.swift */,
				8DD33C312A7389E900A34010 /* ButtonData.swift */,
				8DAF42152A85FF7C00C5097F /* SheetData.swift */,
				8DED45592A8A80920025EC7F /* SongData.swift */,
				8DED455F2A8D99470025EC7F /* FooterData.swift */,
			);
			path = UI;
			sourceTree = "<group>";
		};
		8DD33C272A7370A700A34010 /* Cell */ = {
			isa = PBXGroup;
			children = (
				8DD33C2B2A7373DB00A34010 /* BannerCell.swift */,
				8DD33C2F2A73889300A34010 /* DiscoveryButtonCell.swift */,
				8DAF42112A85FBC300C5097F /* SheetGroupCell.swift */,
				8DAF421C2A8607F400C5097F /* SheetCell.swift */,
				8DED45532A8A7C870025EC7F /* SongGroupCell.swift */,
				8DED455B2A8A83640025EC7F /* DiscoverySongCell.swift */,
				8DED455D2A8D96120025EC7F /* DiscoveryFooterCell.swift */,
			);
			path = Cell;
			sourceTree = "<group>";
		};
		8DD33C282A7370C800A34010 /* Cell */ = {
			isa = PBXGroup;
			children = (
				8DD33C292A7370EC00A34010 /* BaseTableViewCell.swift */,
				8DAF421A2A86064E00C5097F /* BaseCollectionViewCell.swift */,
			);
			path = Cell;
			sourceTree = "<group>";
		};
		8DD33C332A73927B00A34010 /* View */ = {
			isa = PBXGroup;
			children = (
				8DD33C342A7392A800A34010 /* DiscoveryButtonView.swift */,
				8DAF42132A85FCDE00C5097F /* ItemTitleView.swift */,
			);
			path = View;
			sourceTree = "<group>";
		};
		8DDB156C2A91824800B25482 /* Web */ = {
			isa = PBXGroup;
			children = (
				8DDB156D2A91826000B25482 /* SuperWebController.swift */,
			);
			path = Web;
			sourceTree = "<group>";
		};
		8DEBED242A6C4F7A00303597 = {
			isa = PBXGroup;
			children = (
				8DEBED2F2A6C4F7A00303597 /* MelodyMusic */,
				8DEBED462A6C4F7B00303597 /* MelodyMusicTests */,
				8DEBED502A6C4F7B00303597 /* MelodyMusicUITests */,
				8DEBED2E2A6C4F7A00303597 /* Products */,
				A5D514035FDDD657CEC6A809 /* Pods */,
				B3B01EAA1DE67A8EA30235B2 /* Frameworks */,
			);
			sourceTree = "<group>";
		};
		8DEBED2E2A6C4F7A00303597 /* Products */ = {
			isa = PBXGroup;
			children = (
				8DEBED2D2A6C4F7A00303597 /* MelodyMusic.app */,
				8DEBED432A6C4F7B00303597 /* MelodyMusicTests.xctest */,
				8DEBED4D2A6C4F7B00303597 /* MelodyMusicUITests.xctest */,
			);
			name = Products;
			sourceTree = "<group>";
		};
		8DEBED2F2A6C4F7A00303597 /* MelodyMusic */ = {
			isa = PBXGroup;
			children = (
				8D9E017F2AA857DB008DE778 /* View */,
				8DD33C282A7370C800A34010 /* Cell */,
				8DD33BA02A70761900A34010 /* Repository */,
				8DD33B842A6F7C8600A34010 /* Extension */,
				8DD33B7B2A6F73C400A34010 /* Model */,
				8DD33B722A6F642B00A34010 /* Service */,
				8D7E867D2A6D0486008580A9 /* Util */,
				8D7E866F2A6CF4DF008580A9 /* Controller */,
				8D7E866A2A6CECFF008580A9 /* Config */,
				8DA405C22A6CD8870033F979 /* Vendor */,
				8DA405C12A6CD3300033F979 /* Component */,
				8DEBED302A6C4F7A00303597 /* AppDelegate.swift */,
				8D7E86682A6CE5A1008580A9 /* R.generated.swift */,
				8DEBED392A6C4F7B00303597 /* Assets.xcassets */,
				8DEBED3B2A6C4F7B00303597 /* LaunchScreen.storyboard */,
				8DEBED3E2A6C4F7B00303597 /* Info.plist */,
				8DA405CC2A6CDC460033F979 /* Localizable.strings */,
				8D7E86652A6CE18F008580A9 /* InfoPlist.strings */,
				8D7E86782A6CFE46008580A9 /* MelodyMusic-Bridging-Header.h */,
			);
			path = MelodyMusic;
			sourceTree = "<group>";
		};
		8DEBED462A6C4F7B00303597 /* MelodyMusicTests */ = {
			isa = PBXGroup;
			children = (
				8DEBED472A6C4F7B00303597 /* MelodyMusicTests.swift */,
			);
			path = MelodyMusicTests;
			sourceTree = "<group>";
		};
		8DEBED502A6C4F7B00303597 /* MelodyMusicUITests */ = {
			isa = PBXGroup;
			children = (
				8DEBED512A6C4F7B00303597 /* MelodyMusicUITests.swift */,
				8DEBED532A6C4F7B00303597 /* MelodyMusicUITestsLaunchTests.swift */,
			);
			path = MelodyMusicUITests;
			sourceTree = "<group>";
		};
		8DED454E2A8A71EB0025EC7F /* String */ = {
			isa = PBXGroup;
			children = (
				8DED454F2A8A71F60025EC7F /* SuperStringUtil.swift */,
			);
			path = String;
			sourceTree = "<group>";
		};
		8DED45552A8A7E7B0025EC7F /* Song */ = {
			isa = PBXGroup;
			children = (
				8DED45562A8A7E820025EC7F /* Model */,
			);
			path = Song;
			sourceTree = "<group>";
		};
		8DED45562A8A7E820025EC7F /* Model */ = {
			isa = PBXGroup;
			children = (
				8DED45572A8A7E930025EC7F /* Song.swift */,
			);
			path = Model;
			sourceTree = "<group>";
		};
		A5D514035FDDD657CEC6A809 /* Pods */ = {
			isa = PBXGroup;
			children = (
				309120CF9AD7639157F05755 /* Pods-MelodyMusic.debug.xcconfig */,
				0C2BD0C475118F21AFA06524 /* Pods-MelodyMusic.release.xcconfig */,
			);
			path = Pods;
			sourceTree = "<group>";
		};
		B3B01EAA1DE67A8EA30235B2 /* Frameworks */ = {
			isa = PBXGroup;
			children = (
				8F49BAF81D597800B0950D60 /* Pods_MelodyMusic.framework */,
			);
			name = Frameworks;
			sourceTree = "<group>";
		};
/* End PBXGroup section */

/* Begin PBXNativeTarget section */
		8DEBED2C2A6C4F7A00303597 /* MelodyMusic */ = {
			isa = PBXNativeTarget;
			buildConfigurationList = 8DEBED572A6C4F7B00303597 /* Build configuration list for PBXNativeTarget "MelodyMusic" */;
			buildPhases = (
				AD47A546CFDBCBE4C530CC40 /* [CP] Check Pods Manifest.lock */,
				8D7E86672A6CE3FD008580A9 /* ShellScript */,
				8DEBED292A6C4F7A00303597 /* Sources */,
				8DEBED2A2A6C4F7A00303597 /* Frameworks */,
				8DEBED2B2A6C4F7A00303597 /* Resources */,
				2109791615919028C041BA72 /* [CP] Embed Pods Frameworks */,
			);
			buildRules = (
			);
			dependencies = (
			);
			name = MelodyMusic;
			productName = MelodyMusic;
			productReference = 8DEBED2D2A6C4F7A00303597 /* MelodyMusic.app */;
			productType = "com.apple.product-type.application";
		};
		8DEBED422A6C4F7B00303597 /* MelodyMusicTests */ = {
			isa = PBXNativeTarget;
			buildConfigurationList = 8DEBED5A2A6C4F7B00303597 /* Build configuration list for PBXNativeTarget "MelodyMusicTests" */;
			buildPhases = (
				8DEBED3F2A6C4F7B00303597 /* Sources */,
				8DEBED402A6C4F7B00303597 /* Frameworks */,
				8DEBED412A6C4F7B00303597 /* Resources */,
			);
			buildRules = (
			);
			dependencies = (
				8DEBED452A6C4F7B00303597 /* PBXTargetDependency */,
			);
			name = MelodyMusicTests;
			productName = MelodyMusicTests;
			productReference = 8DEBED432A6C4F7B00303597 /* MelodyMusicTests.xctest */;
			productType = "com.apple.product-type.bundle.unit-test";
		};
		8DEBED4C2A6C4F7B00303597 /* MelodyMusicUITests */ = {
			isa = PBXNativeTarget;
			buildConfigurationList = 8DEBED5D2A6C4F7B00303597 /* Build configuration list for PBXNativeTarget "MelodyMusicUITests" */;
			buildPhases = (
				8DEBED492A6C4F7B00303597 /* Sources */,
				8DEBED4A2A6C4F7B00303597 /* Frameworks */,
				8DEBED4B2A6C4F7B00303597 /* Resources */,
			);
			buildRules = (
			);
			dependencies = (
				8DEBED4F2A6C4F7B00303597 /* PBXTargetDependency */,
			);
			name = MelodyMusicUITests;
			productName = MelodyMusicUITests;
			productReference = 8DEBED4D2A6C4F7B00303597 /* MelodyMusicUITests.xctest */;
			productType = "com.apple.product-type.bundle.ui-testing";
		};
/* End PBXNativeTarget section */

/* Begin PBXProject section */
		8DEBED252A6C4F7A00303597 /* Project object */ = {
			isa = PBXProject;
			attributes = {
				BuildIndependentTargetsInParallel = 1;
				LastSwiftUpdateCheck = 1430;
				LastUpgradeCheck = 1430;
				TargetAttributes = {
					8DEBED2C2A6C4F7A00303597 = {
						CreatedOnToolsVersion = 14.3.1;
						LastSwiftMigration = 1500;
					};
					8DEBED422A6C4F7B00303597 = {
						CreatedOnToolsVersion = 14.3.1;
						TestTargetID = 8DEBED2C2A6C4F7A00303597;
					};
					8DEBED4C2A6C4F7B00303597 = {
						CreatedOnToolsVersion = 14.3.1;
						TestTargetID = 8DEBED2C2A6C4F7A00303597;
					};
				};
			};
			buildConfigurationList = 8DEBED282A6C4F7A00303597 /* Build configuration list for PBXProject "MelodyMusic" */;
			compatibilityVersion = "Xcode 14.0";
			developmentRegion = en;
			hasScannedForEncodings = 0;
			knownRegions = (
				en,
				Base,
				"zh-Hans",
			);
			mainGroup = 8DEBED242A6C4F7A00303597;
			productRefGroup = 8DEBED2E2A6C4F7A00303597 /* Products */;
			projectDirPath = "";
			projectRoot = "";
			targets = (
				8DEBED2C2A6C4F7A00303597 /* MelodyMusic */,
				8DEBED422A6C4F7B00303597 /* MelodyMusicTests */,
				8DEBED4C2A6C4F7B00303597 /* MelodyMusicUITests */,
			);
		};
/* End PBXProject section */

/* Begin PBXResourcesBuildPhase section */
		8DEBED2B2A6C4F7A00303597 /* Resources */ = {
			isa = PBXResourcesBuildPhase;
			buildActionMask = 2147483647;
			files = (
				8DEBED3D2A6C4F7B00303597 /* LaunchScreen.storyboard in Resources */,
				8DA405CA2A6CDC460033F979 /* Localizable.strings in Resources */,
				8DEBED3A2A6C4F7B00303597 /* Assets.xcassets in Resources */,
				8D7E86632A6CE18F008580A9 /* InfoPlist.strings in Resources */,
				8DD33B6C2A6F392400A34010 /* YJBannerView.bundle in Resources */,
			);
			runOnlyForDeploymentPostprocessing = 0;
		};
		8DEBED412A6C4F7B00303597 /* Resources */ = {
			isa = PBXResourcesBuildPhase;
			buildActionMask = 2147483647;
			files = (
			);
			runOnlyForDeploymentPostprocessing = 0;
		};
		8DEBED4B2A6C4F7B00303597 /* Resources */ = {
			isa = PBXResourcesBuildPhase;
			buildActionMask = 2147483647;
			files = (
			);
			runOnlyForDeploymentPostprocessing = 0;
		};
/* End PBXResourcesBuildPhase section */

/* Begin PBXShellScriptBuildPhase section */
		2109791615919028C041BA72 /* [CP] Embed Pods Frameworks */ = {
			isa = PBXShellScriptBuildPhase;
			buildActionMask = 2147483647;
			files = (
			);
			inputFileListPaths = (
				"${PODS_ROOT}/Target Support Files/Pods-MelodyMusic/Pods-MelodyMusic-frameworks-${CONFIGURATION}-input-files.xcfilelist",
			);
			name = "[CP] Embed Pods Frameworks";
			outputFileListPaths = (
				"${PODS_ROOT}/Target Support Files/Pods-MelodyMusic/Pods-MelodyMusic-frameworks-${CONFIGURATION}-output-files.xcfilelist",
			);
			runOnlyForDeploymentPostprocessing = 0;
			shellPath = /bin/sh;
			shellScript = "\"${PODS_ROOT}/Target Support Files/Pods-MelodyMusic/Pods-MelodyMusic-frameworks.sh\"\n";
			showEnvVarsInLog = 0;
		};
		8D7E86672A6CE3FD008580A9 /* ShellScript */ = {
			isa = PBXShellScriptBuildPhase;
			alwaysOutOfDate = 1;
			buildActionMask = 2147483647;
			files = (
			);
			inputFileListPaths = (
			);
			inputPaths = (
			);
			outputFileListPaths = (
			);
			outputPaths = (
				$SRCROOT/R.generated.swift,
			);
			runOnlyForDeploymentPostprocessing = 0;
			shellPath = /bin/sh;
			shellScript = "\"$PODS_ROOT/R.swift/rswift\" generate \"$SRCROOT/R.generated.swift\"\n";
		};
		AD47A546CFDBCBE4C530CC40 /* [CP] Check Pods Manifest.lock */ = {
			isa = PBXShellScriptBuildPhase;
			buildActionMask = 2147483647;
			files = (
			);
			inputFileListPaths = (
			);
			inputPaths = (
				"${PODS_PODFILE_DIR_PATH}/Podfile.lock",
				"${PODS_ROOT}/Manifest.lock",
			);
			name = "[CP] Check Pods Manifest.lock";
			outputFileListPaths = (
			);
			outputPaths = (
				"$(DERIVED_FILE_DIR)/Pods-MelodyMusic-checkManifestLockResult.txt",
			);
			runOnlyForDeploymentPostprocessing = 0;
			shellPath = /bin/sh;
			shellScript = "diff \"${PODS_PODFILE_DIR_PATH}/Podfile.lock\" \"${PODS_ROOT}/Manifest.lock\" > /dev/null\nif [ $? != 0 ] ; then\n    # print error to STDERR\n    echo \"error: The sandbox is not in sync with the Podfile.lock. Run 'pod install' or update your CocoaPods installation.\" >&2\n    exit 1\nfi\n# This output is used by Xcode 'outputs' to avoid re-running this script phase.\necho \"SUCCESS\" > \"${SCRIPT_OUTPUT_FILE_0}\"\n";
			showEnvVarsInLog = 0;
		};
/* End PBXShellScriptBuildPhase section */

/* Begin PBXSourcesBuildPhase section */
		8DEBED292A6C4F7A00303597 /* Sources */ = {
			isa = PBXSourcesBuildPhase;
			buildActionMask = 2147483647;
			files = (
				8DD33C302A73889300A34010 /* DiscoveryButtonCell.swift in Sources */,
				8DEBED352A6C4F7A00303597 /* SplashController.swift in Sources */,
				8DD33C222A73641500A34010 /* RoomController.swift in Sources */,
				8DD33B9D2A7041B700A34010 /* SuperToast.swift in Sources */,
				8DAF42122A85FBC300C5097F /* SheetGroupCell.swift in Sources */,
				8D7E86772A6CFC79008580A9 /* BaseTitleController.swift in Sources */,
				8DAF42162A85FF7C00C5097F /* SheetData.swift in Sources */,
				8DD33B692A6F392400A34010 /* YJHollowPageControl.m in Sources */,
				8DD33B6F2A6F392400A34010 /* YJBannerViewFooter.m in Sources */,
				8D7E866E2A6CF007008580A9 /* SuperUIThemeExtension.swift in Sources */,
				8DD33B912A6F836100A34010 /* BaseResponse.swift in Sources */,
				8DD33C1E2A7363EC00A34010 /* FeedController.swift in Sources */,
				8DD33C322A7389E900A34010 /* ButtonData.swift in Sources */,
				8DED455C2A8A83640025EC7F /* DiscoverySongCell.swift in Sources */,
				8D9E015D2AA7AEF5008DE778 /* DrawerController.swift in Sources */,
				8D9E01922AA875FD008DE778 /* SuperDialogController.swift in Sources */,
				8D9E01692AA7AF72008DE778 /* CWInteractiveTransition.m in Sources */,
				8DD33B6B2A6F392400A34010 /* YJAnimatedDotView.m in Sources */,
				8DAF42202A8608CB00C5097F /* ViewCornerExtension.swift in Sources */,
				8DD33B862A6F7CC300A34010 /* ObservableMoyaExtension.swift in Sources */,
				8D9E01812AA857EC008DE778 /* BaseRelativeLayout.swift in Sources */,
				8DD33B9F2A706C4A00A34010 /* ExceptionHandleUtil.swift in Sources */,
				8DAF42232A8609A800C5097F /* SuperConfig.swift in Sources */,
				8DD33B8C2A6F813200A34010 /* BaseCommon.swift in Sources */,
				8DAF42142A85FCDE00C5097F /* ItemTitleView.swift in Sources */,
				8DAF421B2A86064E00C5097F /* BaseCollectionViewCell.swift in Sources */,
				8D7944BE2A912A7100B0B6D9 /* SuperToolbarView.swift in Sources */,
				8DD33B6D2A6F392400A34010 /* YJBannerViewCollectionView.m in Sources */,
				8DD33B4F2A6F34E100A34010 /* LoginHomeController.swift in Sources */,
				8D7E86712A6CF505008580A9 /* BaseController.swift in Sources */,
				8D7E86752A6CF5E7008580A9 /* BaseLogicController.swift in Sources */,
				8DD33C352A7392A800A34010 /* DiscoveryButtonView.swift in Sources */,
				8DDB156E2A91826000B25482 /* SuperWebController.swift in Sources */,
				8DED45502A8A71F60025EC7F /* SuperStringUtil.swift in Sources */,
				8DD33B672A6F392400A34010 /* UIView+YJBannerViewExt.m in Sources */,
				8DD33B7A2A6F677700A34010 /* ParamUtil.swift in Sources */,
				8D9E024F2AB5F753008DE778 /* RegisterController.swift in Sources */,
				8DA405C62A6CD8FE0033F979 /* SuperDateUtil.swift in Sources */,
				8DEBED312A6C4F7A00303597 /* AppDelegate.swift in Sources */,
				8DAF42192A8601BB00C5097F /* SuperImageExtension.swift in Sources */,
				8DD33BA22A70762B00A34010 /* DefaultRepository.swift in Sources */,
				8D9E01792AA81C84008DE778 /* SuperUIViewControllerExtension.swift in Sources */,
				8DED45582A8A7E930025EC7F /* Song.swift in Sources */,
				8DD33C1A2A7363B800A34010 /* MeController.swift in Sources */,
				8DD33C262A736DB000A34010 /* BannerData.swift in Sources */,
				8DD33B6A2A6F392400A34010 /* YJAbstractDotView.m in Sources */,
				8DD33C112A73635800A34010 /* DiscoveryController.swift in Sources */,
				8DD33B7D2A6F73E400A34010 /* SheetListResponse.swift in Sources */,
				8D9E016A2AA7AF72008DE778 /* UIViewController+CWLateralSlide.m in Sources */,
				8D9E01702AA7C8F6008DE778 /* SuperSettingView.swift in Sources */,
				8DED45522A8A751B0025EC7F /* StringExtension.swift in Sources */,
				8D7E86812A6D0578008580A9 /* Constants.swift in Sources */,
				8DD33B682A6F392400A34010 /* YJBannerView.m in Sources */,
				8DD33C2C2A7373DB00A34010 /* BannerCell.swift in Sources */,
				8DD33C162A73639600A34010 /* VideoController.swift in Sources */,
				8DD33B4B2A6F2B7E00A34010 /* MainController.swift in Sources */,
				8DED454D2A8A71270025EC7F /* ImageViewKingfisherExtension.swift in Sources */,
				8D9E016D2AA7AF72008DE778 /* CWLateralSlideConfiguration.m in Sources */,
				8D7E867C2A6D0042008580A9 /* TermServiceDialogController.swift in Sources */,
				8DED45542A8A7C870025EC7F /* SongGroupCell.swift in Sources */,
				8DED455A2A8A80920025EC7F /* SongData.swift in Sources */,
				8DD33B932A6F83B800A34010 /* DetailResponse.swift in Sources */,
				8DD33B7F2A6F748A00A34010 /* PageResponse.swift in Sources */,
				8D9E01732AA80F9C008DE778 /* SuperRegularUtil.swift in Sources */,
				8D9E01832AA85D9C008DE778 /* StringUtil.swift in Sources */,
				8DD33B6E2A6F392400A34010 /* YJBannerViewCell.m in Sources */,
				8DDB15672A91602600B25482 /* ViewExtension.swift in Sources */,
				8DDB15692A91619C00B25482 /* BaseMainController.swift in Sources */,
				8DD33B712A6F53D900A34010 /* Config.swift in Sources */,
				8D9E017E2AA857B4008DE778 /* SuperInputView.swift in Sources */,
				8DD33B782A6F650400A34010 /* User.swift in Sources */,
				8DD33B952A6F846F00A34010 /* Meta.swift in Sources */,
				8D9E01852AA85F42008DE778 /* BaseLoginController.swift in Sources */,
				8D7E86732A6CF58D008580A9 /* BaseCommonController.swift in Sources */,
				8DD33B992A6F86CA00A34010 /* Ad.swift in Sources */,
				8D9E018A2AA861DA008DE778 /* PreferenceUtil.swift in Sources */,
				8D9E01952AA8866A008DE778 /* UserDetailController.swift in Sources */,
				8DD33B472A6F28B700A34010 /* DefaultPreferenceUtil.swift in Sources */,
				8D9E017B2AA84EFC008DE778 /* LoginController.swift in Sources */,
				8DED455E2A8D96120025EC7F /* DiscoveryFooterCell.swift in Sources */,
				8DD33B742A6F645000A34010 /* DefaultService.swift in Sources */,
				8DD33B8A2A6F80FF00A34010 /* BaseId.swift in Sources */,
				8DD33B882A6F809E00A34010 /* BaseModel.swift in Sources */,
				8D9E018E2AA87433008DE778 /* UIViewControllerExtension.swift in Sources */,
				8D7E86852A6D0CEB008580A9 /* GuideController.swift in Sources */,
				8D7E867F2A6D049C008580A9 /* ViewFactoryUtil.swift in Sources */,
				8DD33C2E2A73794A00A34010 /* ResourceUtil.swift in Sources */,
				8DD33C2A2A7370EC00A34010 /* BaseTableViewCell.swift in Sources */,
				8D7E86692A6CE5A1008580A9 /* R.generated.swift in Sources */,
				8D7E866C2A6CED2E008580A9 /* SuperUIColorExtension.swift in Sources */,
				8D9E016B2AA7AF72008DE778 /* CWLateralSlideAnimator.m in Sources */,
				8DD33B832A6F74E500A34010 /* Sheet.swift in Sources */,
				8DD33B8F2A6F82B200A34010 /* ListResponse.swift in Sources */,
				8D9E01882AA8610A008DE778 /* Session.swift in Sources */,
				8D9E016C2AA7AF72008DE778 /* CWDrawerTransition.m in Sources */,
				8DAF421D2A8607F400C5097F /* SheetCell.swift in Sources */,
				8DED45602A8D99470025EC7F /* FooterData.swift in Sources */,
			);
			runOnlyForDeploymentPostprocessing = 0;
		};
		8DEBED3F2A6C4F7B00303597 /* Sources */ = {
			isa = PBXSourcesBuildPhase;
			buildActionMask = 2147483647;
			files = (
				8DEBED482A6C4F7B00303597 /* MelodyMusicTests.swift in Sources */,
			);
			runOnlyForDeploymentPostprocessing = 0;
		};
		8DEBED492A6C4F7B00303597 /* Sources */ = {
			isa = PBXSourcesBuildPhase;
			buildActionMask = 2147483647;
			files = (
				8DEBED542A6C4F7B00303597 /* MelodyMusicUITestsLaunchTests.swift in Sources */,
				8DEBED522A6C4F7B00303597 /* MelodyMusicUITests.swift in Sources */,
			);
			runOnlyForDeploymentPostprocessing = 0;
		};
/* End PBXSourcesBuildPhase section */

/* Begin PBXTargetDependency section */
		8DEBED452A6C4F7B00303597 /* PBXTargetDependency */ = {
			isa = PBXTargetDependency;
			target = 8DEBED2C2A6C4F7A00303597 /* MelodyMusic */;
			targetProxy = 8DEBED442A6C4F7B00303597 /* PBXContainerItemProxy */;
		};
		8DEBED4F2A6C4F7B00303597 /* PBXTargetDependency */ = {
			isa = PBXTargetDependency;
			target = 8DEBED2C2A6C4F7A00303597 /* MelodyMusic */;
			targetProxy = 8DEBED4E2A6C4F7B00303597 /* PBXContainerItemProxy */;
		};
/* End PBXTargetDependency section */

/* Begin PBXVariantGroup section */
		8D7E86652A6CE18F008580A9 /* InfoPlist.strings */ = {
			isa = PBXVariantGroup;
			children = (
				8D7E86642A6CE18F008580A9 /* en */,
				8D7E86662A6CE191008580A9 /* zh-Hans */,
			);
			name = InfoPlist.strings;
			sourceTree = "<group>";
		};
		8DA405CC2A6CDC460033F979 /* Localizable.strings */ = {
			isa = PBXVariantGroup;
			children = (
				8DA405CB2A6CDC460033F979 /* en */,
				8DA405CE2A6CDC5E0033F979 /* zh-Hans */,
			);
			name = Localizable.strings;
			sourceTree = "<group>";
		};
		8DEBED3B2A6C4F7B00303597 /* LaunchScreen.storyboard */ = {
			isa = PBXVariantGroup;
			children = (
				8DEBED3C2A6C4F7B00303597 /* Base */,
				8DA405CD2A6CDC5E0033F979 /* zh-Hans */,
			);
			name = LaunchScreen.storyboard;
			sourceTree = "<group>";
		};
/* End PBXVariantGroup section */

/* Begin XCBuildConfiguration section */
		8DEBED552A6C4F7B00303597 /* Debug */ = {
			isa = XCBuildConfiguration;
			buildSettings = {
				ALWAYS_SEARCH_USER_PATHS = NO;
				CLANG_ANALYZER_LOCALIZABILITY_NONLOCALIZED = YES;
				CLANG_ANALYZER_NONNULL = YES;
				CLANG_ANALYZER_NUMBER_OBJECT_CONVERSION = YES_AGGRESSIVE;
				CLANG_CXX_LANGUAGE_STANDARD = "gnu++20";
				CLANG_ENABLE_MODULES = YES;
				CLANG_ENABLE_OBJC_ARC = YES;
				CLANG_ENABLE_OBJC_WEAK = YES;
				CLANG_WARN_BLOCK_CAPTURE_AUTORELEASING = YES;
				CLANG_WARN_BOOL_CONVERSION = YES;
				CLANG_WARN_COMMA = YES;
				CLANG_WARN_CONSTANT_CONVERSION = YES;
				CLANG_WARN_DEPRECATED_OBJC_IMPLEMENTATIONS = YES;
				CLANG_WARN_DIRECT_OBJC_ISA_USAGE = YES_ERROR;
				CLANG_WARN_DOCUMENTATION_COMMENTS = YES;
				CLANG_WARN_EMPTY_BODY = YES;
				CLANG_WARN_ENUM_CONVERSION = YES;
				CLANG_WARN_INFINITE_RECURSION = YES;
				CLANG_WARN_INT_CONVERSION = YES;
				CLANG_WARN_NON_LITERAL_NULL_CONVERSION = YES;
				CLANG_WARN_OBJC_IMPLICIT_RETAIN_SELF = YES;
				CLANG_WARN_OBJC_LITERAL_CONVERSION = YES;
				CLANG_WARN_OBJC_ROOT_CLASS = YES_ERROR;
				CLANG_WARN_QUOTED_INCLUDE_IN_FRAMEWORK_HEADER = YES;
				CLANG_WARN_RANGE_LOOP_ANALYSIS = YES;
				CLANG_WARN_STRICT_PROTOTYPES = YES;
				CLANG_WARN_SUSPICIOUS_MOVE = YES;
				CLANG_WARN_UNGUARDED_AVAILABILITY = YES_AGGRESSIVE;
				CLANG_WARN_UNREACHABLE_CODE = YES;
				CLANG_WARN__DUPLICATE_METHOD_MATCH = YES;
				COPY_PHASE_STRIP = NO;
				DEBUG_INFORMATION_FORMAT = dwarf;
				ENABLE_STRICT_OBJC_MSGSEND = YES;
				ENABLE_TESTABILITY = YES;
				GCC_C_LANGUAGE_STANDARD = gnu11;
				GCC_DYNAMIC_NO_PIC = NO;
				GCC_NO_COMMON_BLOCKS = YES;
				GCC_OPTIMIZATION_LEVEL = 0;
				GCC_PREPROCESSOR_DEFINITIONS = (
					"DEBUG=1",
					"$(inherited)",
				);
				GCC_WARN_64_TO_32_BIT_CONVERSION = YES;
				GCC_WARN_ABOUT_RETURN_TYPE = YES_ERROR;
				GCC_WARN_UNDECLARED_SELECTOR = YES;
				GCC_WARN_UNINITIALIZED_AUTOS = YES_AGGRESSIVE;
				GCC_WARN_UNUSED_FUNCTION = YES;
				GCC_WARN_UNUSED_VARIABLE = YES;
				IPHONEOS_DEPLOYMENT_TARGET = 16.4;
				MTL_ENABLE_DEBUG_INFO = INCLUDE_SOURCE;
				MTL_FAST_MATH = YES;
				ONLY_ACTIVE_ARCH = YES;
				SDKROOT = iphoneos;
				SWIFT_ACTIVE_COMPILATION_CONDITIONS = DEBUG;
				SWIFT_OPTIMIZATION_LEVEL = "-Onone";
			};
			name = Debug;
		};
		8DEBED562A6C4F7B00303597 /* Release */ = {
			isa = XCBuildConfiguration;
			buildSettings = {
				ALWAYS_SEARCH_USER_PATHS = NO;
				CLANG_ANALYZER_LOCALIZABILITY_NONLOCALIZED = YES;
				CLANG_ANALYZER_NONNULL = YES;
				CLANG_ANALYZER_NUMBER_OBJECT_CONVERSION = YES_AGGRESSIVE;
				CLANG_CXX_LANGUAGE_STANDARD = "gnu++20";
				CLANG_ENABLE_MODULES = YES;
				CLANG_ENABLE_OBJC_ARC = YES;
				CLANG_ENABLE_OBJC_WEAK = YES;
				CLANG_WARN_BLOCK_CAPTURE_AUTORELEASING = YES;
				CLANG_WARN_BOOL_CONVERSION = YES;
				CLANG_WARN_COMMA = YES;
				CLANG_WARN_CONSTANT_CONVERSION = YES;
				CLANG_WARN_DEPRECATED_OBJC_IMPLEMENTATIONS = YES;
				CLANG_WARN_DIRECT_OBJC_ISA_USAGE = YES_ERROR;
				CLANG_WARN_DOCUMENTATION_COMMENTS = YES;
				CLANG_WARN_EMPTY_BODY = YES;
				CLANG_WARN_ENUM_CONVERSION = YES;
				CLANG_WARN_INFINITE_RECURSION = YES;
				CLANG_WARN_INT_CONVERSION = YES;
				CLANG_WARN_NON_LITERAL_NULL_CONVERSION = YES;
				CLANG_WARN_OBJC_IMPLICIT_RETAIN_SELF = YES;
				CLANG_WARN_OBJC_LITERAL_CONVERSION = YES;
				CLANG_WARN_OBJC_ROOT_CLASS = YES_ERROR;
				CLANG_WARN_QUOTED_INCLUDE_IN_FRAMEWORK_HEADER = YES;
				CLANG_WARN_RANGE_LOOP_ANALYSIS = YES;
				CLANG_WARN_STRICT_PROTOTYPES = YES;
				CLANG_WARN_SUSPICIOUS_MOVE = YES;
				CLANG_WARN_UNGUARDED_AVAILABILITY = YES_AGGRESSIVE;
				CLANG_WARN_UNREACHABLE_CODE = YES;
				CLANG_WARN__DUPLICATE_METHOD_MATCH = YES;
				COPY_PHASE_STRIP = NO;
				DEBUG_INFORMATION_FORMAT = "dwarf-with-dsym";
				ENABLE_NS_ASSERTIONS = NO;
				ENABLE_STRICT_OBJC_MSGSEND = YES;
				GCC_C_LANGUAGE_STANDARD = gnu11;
				GCC_NO_COMMON_BLOCKS = YES;
				GCC_WARN_64_TO_32_BIT_CONVERSION = YES;
				GCC_WARN_ABOUT_RETURN_TYPE = YES_ERROR;
				GCC_WARN_UNDECLARED_SELECTOR = YES;
				GCC_WARN_UNINITIALIZED_AUTOS = YES_AGGRESSIVE;
				GCC_WARN_UNUSED_FUNCTION = YES;
				GCC_WARN_UNUSED_VARIABLE = YES;
				IPHONEOS_DEPLOYMENT_TARGET = 16.4;
				MTL_ENABLE_DEBUG_INFO = NO;
				MTL_FAST_MATH = YES;
				SDKROOT = iphoneos;
				SWIFT_COMPILATION_MODE = wholemodule;
				SWIFT_OPTIMIZATION_LEVEL = "-O";
				VALIDATE_PRODUCT = YES;
			};
			name = Release;
		};
		8DEBED582A6C4F7B00303597 /* Debug */ = {
			isa = XCBuildConfiguration;
			baseConfigurationReference = 309120CF9AD7639157F05755 /* Pods-MelodyMusic.debug.xcconfig */;
			buildSettings = {
				ASSETCATALOG_COMPILER_APPICON_NAME = AppIcon;
				ASSETCATALOG_COMPILER_GLOBAL_ACCENT_COLOR_NAME = AccentColor;
				CLANG_ENABLE_MODULES = YES;
				CODE_SIGN_STYLE = Automatic;
				CURRENT_PROJECT_VERSION = 1;
				DEVELOPMENT_TEAM = C9UL6Y3N22;
				GENERATE_INFOPLIST_FILE = YES;
				INFOPLIST_FILE = MelodyMusic/Info.plist;
				INFOPLIST_KEY_UIApplicationSupportsIndirectInputEvents = YES;
				INFOPLIST_KEY_UILaunchStoryboardName = LaunchScreen;
				INFOPLIST_KEY_UISupportedInterfaceOrientations_iPad = "UIInterfaceOrientationPortrait UIInterfaceOrientationPortraitUpsideDown UIInterfaceOrientationLandscapeLeft UIInterfaceOrientationLandscapeRight";
				INFOPLIST_KEY_UISupportedInterfaceOrientations_iPhone = "UIInterfaceOrientationPortrait UIInterfaceOrientationLandscapeLeft UIInterfaceOrientationLandscapeRight";
				IPHONEOS_DEPLOYMENT_TARGET = 15.0;
				LD_RUNPATH_SEARCH_PATHS = (
					"$(inherited)",
					"@executable_path/Frameworks",
				);
				MARKETING_VERSION = 1.0;
				OTHER_SWIFT_FLAGS = "$(inherited) -D COCOAPODS -D DEBUG";
				PRODUCT_BUNDLE_IDENTIFIER = com.melody.music.cecilia.MelodyMusic;
				PRODUCT_NAME = "$(TARGET_NAME)";
				SWIFT_EMIT_LOC_STRINGS = YES;
				SWIFT_OBJC_BRIDGING_HEADER = "MelodyMusic/MelodyMusic-Bridging-Header.h";
				SWIFT_OPTIMIZATION_LEVEL = "-Onone";
				SWIFT_VERSION = 5.0;
				TARGETED_DEVICE_FAMILY = "1,2";
			};
			name = Debug;
		};
		8DEBED592A6C4F7B00303597 /* Release */ = {
			isa = XCBuildConfiguration;
			baseConfigurationReference = 0C2BD0C475118F21AFA06524 /* Pods-MelodyMusic.release.xcconfig */;
			buildSettings = {
				ASSETCATALOG_COMPILER_APPICON_NAME = AppIcon;
				ASSETCATALOG_COMPILER_GLOBAL_ACCENT_COLOR_NAME = AccentColor;
				CLANG_ENABLE_MODULES = YES;
				CODE_SIGN_STYLE = Automatic;
				CURRENT_PROJECT_VERSION = 1;
				DEVELOPMENT_TEAM = C9UL6Y3N22;
				GENERATE_INFOPLIST_FILE = YES;
				INFOPLIST_FILE = MelodyMusic/Info.plist;
				INFOPLIST_KEY_UIApplicationSupportsIndirectInputEvents = YES;
				INFOPLIST_KEY_UILaunchStoryboardName = LaunchScreen;
				INFOPLIST_KEY_UISupportedInterfaceOrientations_iPad = "UIInterfaceOrientationPortrait UIInterfaceOrientationPortraitUpsideDown UIInterfaceOrientationLandscapeLeft UIInterfaceOrientationLandscapeRight";
				INFOPLIST_KEY_UISupportedInterfaceOrientations_iPhone = "UIInterfaceOrientationPortrait UIInterfaceOrientationLandscapeLeft UIInterfaceOrientationLandscapeRight";
				IPHONEOS_DEPLOYMENT_TARGET = 15.0;
				LD_RUNPATH_SEARCH_PATHS = (
					"$(inherited)",
					"@executable_path/Frameworks",
				);
				MARKETING_VERSION = 1.0;
				PRODUCT_BUNDLE_IDENTIFIER = com.melody.music.cecilia.MelodyMusic;
				PRODUCT_NAME = "$(TARGET_NAME)";
				SWIFT_EMIT_LOC_STRINGS = YES;
				SWIFT_OBJC_BRIDGING_HEADER = "MelodyMusic/MelodyMusic-Bridging-Header.h";
				SWIFT_VERSION = 5.0;
				TARGETED_DEVICE_FAMILY = "1,2";
			};
			name = Release;
		};
		8DEBED5B2A6C4F7B00303597 /* Debug */ = {
			isa = XCBuildConfiguration;
			buildSettings = {
				ALWAYS_EMBED_SWIFT_STANDARD_LIBRARIES = YES;
				BUNDLE_LOADER = "$(TEST_HOST)";
				CODE_SIGN_STYLE = Automatic;
				CURRENT_PROJECT_VERSION = 1;
				DEVELOPMENT_TEAM = C9UL6Y3N22;
				GENERATE_INFOPLIST_FILE = YES;
				IPHONEOS_DEPLOYMENT_TARGET = 16.4;
				MARKETING_VERSION = 1.0;
				PRODUCT_BUNDLE_IDENTIFIER = com.melody.music.cecilia.MelodyMusicTests;
				PRODUCT_NAME = "$(TARGET_NAME)";
				SWIFT_EMIT_LOC_STRINGS = NO;
				SWIFT_VERSION = 5.0;
				TARGETED_DEVICE_FAMILY = "1,2";
				TEST_HOST = "$(BUILT_PRODUCTS_DIR)/MelodyMusic.app/$(BUNDLE_EXECUTABLE_FOLDER_PATH)/MelodyMusic";
			};
			name = Debug;
		};
		8DEBED5C2A6C4F7B00303597 /* Release */ = {
			isa = XCBuildConfiguration;
			buildSettings = {
				ALWAYS_EMBED_SWIFT_STANDARD_LIBRARIES = YES;
				BUNDLE_LOADER = "$(TEST_HOST)";
				CODE_SIGN_STYLE = Automatic;
				CURRENT_PROJECT_VERSION = 1;
				DEVELOPMENT_TEAM = C9UL6Y3N22;
				GENERATE_INFOPLIST_FILE = YES;
				IPHONEOS_DEPLOYMENT_TARGET = 16.4;
				MARKETING_VERSION = 1.0;
				PRODUCT_BUNDLE_IDENTIFIER = com.melody.music.cecilia.MelodyMusicTests;
				PRODUCT_NAME = "$(TARGET_NAME)";
				SWIFT_EMIT_LOC_STRINGS = NO;
				SWIFT_VERSION = 5.0;
				TARGETED_DEVICE_FAMILY = "1,2";
				TEST_HOST = "$(BUILT_PRODUCTS_DIR)/MelodyMusic.app/$(BUNDLE_EXECUTABLE_FOLDER_PATH)/MelodyMusic";
			};
			name = Release;
		};
		8DEBED5E2A6C4F7B00303597 /* Debug */ = {
			isa = XCBuildConfiguration;
			buildSettings = {
				ALWAYS_EMBED_SWIFT_STANDARD_LIBRARIES = YES;
				CODE_SIGN_STYLE = Automatic;
				CURRENT_PROJECT_VERSION = 1;
				DEVELOPMENT_TEAM = C9UL6Y3N22;
				GENERATE_INFOPLIST_FILE = YES;
				MARKETING_VERSION = 1.0;
				PRODUCT_BUNDLE_IDENTIFIER = com.melody.music.cecilia.MelodyMusicUITests;
				PRODUCT_NAME = "$(TARGET_NAME)";
				SWIFT_EMIT_LOC_STRINGS = NO;
				SWIFT_VERSION = 5.0;
				TARGETED_DEVICE_FAMILY = "1,2";
				TEST_TARGET_NAME = MelodyMusic;
			};
			name = Debug;
		};
		8DEBED5F2A6C4F7B00303597 /* Release */ = {
			isa = XCBuildConfiguration;
			buildSettings = {
				ALWAYS_EMBED_SWIFT_STANDARD_LIBRARIES = YES;
				CODE_SIGN_STYLE = Automatic;
				CURRENT_PROJECT_VERSION = 1;
				DEVELOPMENT_TEAM = C9UL6Y3N22;
				GENERATE_INFOPLIST_FILE = YES;
				MARKETING_VERSION = 1.0;
				PRODUCT_BUNDLE_IDENTIFIER = com.melody.music.cecilia.MelodyMusicUITests;
				PRODUCT_NAME = "$(TARGET_NAME)";
				SWIFT_EMIT_LOC_STRINGS = NO;
				SWIFT_VERSION = 5.0;
				TARGETED_DEVICE_FAMILY = "1,2";
				TEST_TARGET_NAME = MelodyMusic;
			};
			name = Release;
		};
/* End XCBuildConfiguration section */

/* Begin XCConfigurationList section */
		8DEBED282A6C4F7A00303597 /* Build configuration list for PBXProject "MelodyMusic" */ = {
			isa = XCConfigurationList;
			buildConfigurations = (
				8DEBED552A6C4F7B00303597 /* Debug */,
				8DEBED562A6C4F7B00303597 /* Release */,
			);
			defaultConfigurationIsVisible = 0;
			defaultConfigurationName = Release;
		};
		8DEBED572A6C4F7B00303597 /* Build configuration list for PBXNativeTarget "MelodyMusic" */ = {
			isa = XCConfigurationList;
			buildConfigurations = (
				8DEBED582A6C4F7B00303597 /* Debug */,
				8DEBED592A6C4F7B00303597 /* Release */,
			);
			defaultConfigurationIsVisible = 0;
			defaultConfigurationName = Release;
		};
		8DEBED5A2A6C4F7B00303597 /* Build configuration list for PBXNativeTarget "MelodyMusicTests" */ = {
			isa = XCConfigurationList;
			buildConfigurations = (
				8DEBED5B2A6C4F7B00303597 /* Debug */,
				8DEBED5C2A6C4F7B00303597 /* Release */,
			);
			defaultConfigurationIsVisible = 0;
			defaultConfigurationName = Release;
		};
		8DEBED5D2A6C4F7B00303597 /* Build configuration list for PBXNativeTarget "MelodyMusicUITests" */ = {
			isa = XCConfigurationList;
			buildConfigurations = (
				8DEBED5E2A6C4F7B00303597 /* Debug */,
				8DEBED5F2A6C4F7B00303597 /* Release */,
			);
			defaultConfigurationIsVisible = 0;
			defaultConfigurationName = Release;
		};
/* End XCConfigurationList section */
	};
	rootObject = 8DEBED252A6C4F7A00303597 /* Project object */;
}
