// !$*UTF8*$!
{
	archiveVersion = 1;
	classes = {
	};
	objectVersion = 56;
	objects = {

/* Begin PBXBuildFile section */
		8D7E86632A6CE18F008580A9 /* InfoPlist.strings in Resources */ = {isa = PBXBuildFile; fileRef = 8D7E86652A6CE18F008580A9 /* InfoPlist.strings */; };
		8D7E86692A6CE5A1008580A9 /* R.generated.swift in Sources */ = {isa = PBXBuildFile; fileRef = 8D7E86682A6CE5A1008580A9 /* R.generated.swift */; };
		8D7E866C2A6CED2E008580A9 /* SuperUIColorExtension.swift in Sources */ = {isa = PBXBuildFile; fileRef = 8D7E866B2A6CED2E008580A9 /* SuperUIColorExtension.swift */; };
		8D7E866E2A6CF007008580A9 /* SuperUIThemeExtension.swift in Sources */ = {isa = PBXBuildFile; fileRef = 8D7E866D2A6CF007008580A9 /* SuperUIThemeExtension.swift */; };
		8D7E86712A6CF505008580A9 /* BaseController.swift in Sources */ = {isa = PBXBuildFile; fileRef = 8D7E86702A6CF505008580A9 /* BaseController.swift */; };
		8D7E86732A6CF58D008580A9 /* BaseCommonController.swift in Sources */ = {isa = PBXBuildFile; fileRef = 8D7E86722A6CF58D008580A9 /* BaseCommonController.swift */; };
		8D7E86752A6CF5E7008580A9 /* BaseLogicController.swift in Sources */ = {isa = PBXBuildFile; fileRef = 8D7E86742A6CF5E7008580A9 /* BaseLogicController.swift */; };
		8D7E86772A6CFC79008580A9 /* BaseTitleController.swift in Sources */ = {isa = PBXBuildFile; fileRef = 8D7E86762A6CFC79008580A9 /* BaseTitleController.swift */; };
		8D7E867C2A6D0042008580A9 /* TermServiceDialogController.swift in Sources */ = {isa = PBXBuildFile; fileRef = 8D7E867B2A6D0042008580A9 /* TermServiceDialogController.swift */; };
		8D7E867F2A6D049C008580A9 /* ViewFactoryUtil.swift in Sources */ = {isa = PBXBuildFile; fileRef = 8D7E867E2A6D049C008580A9 /* ViewFactoryUtil.swift */; };
		8D7E86812A6D0578008580A9 /* Constants.swift in Sources */ = {isa = PBXBuildFile; fileRef = 8D7E86802A6D0578008580A9 /* Constants.swift */; };
		8D7E86852A6D0CEB008580A9 /* GuideController.swift in Sources */ = {isa = PBXBuildFile; fileRef = 8D7E86842A6D0CEB008580A9 /* GuideController.swift */; };
		8DA405C62A6CD8FE0033F979 /* SuperDateUtil.swift in Sources */ = {isa = PBXBuildFile; fileRef = 8DA405C52A6CD8FE0033F979 /* SuperDateUtil.swift */; };
		8DA405CA2A6CDC460033F979 /* Localizable.strings in Resources */ = {isa = PBXBuildFile; fileRef = 8DA405CC2A6CDC460033F979 /* Localizable.strings */; };
		8DD33B472A6F28B700A34010 /* DefaultPreferenceUtil.swift in Sources */ = {isa = PBXBuildFile; fileRef = 8DD33B462A6F28B700A34010 /* DefaultPreferenceUtil.swift */; };
		8DD33B4B2A6F2B7E00A34010 /* MainController.swift in Sources */ = {isa = PBXBuildFile; fileRef = 8DD33B4A2A6F2B7E00A34010 /* MainController.swift */; };
		8DD33B4F2A6F34E100A34010 /* LoginHomeController.swift in Sources */ = {isa = PBXBuildFile; fileRef = 8DD33B4E2A6F34E100A34010 /* LoginHomeController.swift */; };
		8DD33B672A6F392400A34010 /* UIView+YJBannerViewExt.m in Sources */ = {isa = PBXBuildFile; fileRef = 8DD33B522A6F392400A34010 /* UIView+YJBannerViewExt.m */; };
		8DD33B682A6F392400A34010 /* YJBannerView.m in Sources */ = {isa = PBXBuildFile; fileRef = 8DD33B542A6F392400A34010 /* YJBannerView.m */; };
		8DD33B692A6F392400A34010 /* YJHollowPageControl.m in Sources */ = {isa = PBXBuildFile; fileRef = 8DD33B582A6F392400A34010 /* YJHollowPageControl.m */; };
		8DD33B6A2A6F392400A34010 /* YJAbstractDotView.m in Sources */ = {isa = PBXBuildFile; fileRef = 8DD33B592A6F392400A34010 /* YJAbstractDotView.m */; };
		8DD33B6B2A6F392400A34010 /* YJAnimatedDotView.m in Sources */ = {isa = PBXBuildFile; fileRef = 8DD33B5A2A6F392400A34010 /* YJAnimatedDotView.m */; };
		8DD33B6C2A6F392400A34010 /* YJBannerView.bundle in Resources */ = {isa = PBXBuildFile; fileRef = 8DD33B5F2A6F392400A34010 /* YJBannerView.bundle */; };
		8DD33B6D2A6F392400A34010 /* YJBannerViewCollectionView.m in Sources */ = {isa = PBXBuildFile; fileRef = 8DD33B612A6F392400A34010 /* YJBannerViewCollectionView.m */; };
		8DD33B6E2A6F392400A34010 /* YJBannerViewCell.m in Sources */ = {isa = PBXBuildFile; fileRef = 8DD33B622A6F392400A34010 /* YJBannerViewCell.m */; };
		8DD33B6F2A6F392400A34010 /* YJBannerViewFooter.m in Sources */ = {isa = PBXBuildFile; fileRef = 8DD33B652A6F392400A34010 /* YJBannerViewFooter.m */; };
		8DD33B712A6F53D900A34010 /* Config.swift in Sources */ = {isa = PBXBuildFile; fileRef = 8DD33B702A6F53D900A34010 /* Config.swift */; };
		8DD33B742A6F645000A34010 /* DefaultService.swift in Sources */ = {isa = PBXBuildFile; fileRef = 8DD33B732A6F645000A34010 /* DefaultService.swift */; };
		8DD33B782A6F650400A34010 /* User.swift in Sources */ = {isa = PBXBuildFile; fileRef = 8DD33B772A6F650400A34010 /* User.swift */; };
		8DD33B7A2A6F677700A34010 /* ParamUtil.swift in Sources */ = {isa = PBXBuildFile; fileRef = 8DD33B792A6F677700A34010 /* ParamUtil.swift */; };
		8DD33B7D2A6F73E400A34010 /* SheetListResponse.swift in Sources */ = {isa = PBXBuildFile; fileRef = 8DD33B7C2A6F73E400A34010 /* SheetListResponse.swift */; };
		8DD33B7F2A6F748A00A34010 /* PageResponse.swift in Sources */ = {isa = PBXBuildFile; fileRef = 8DD33B7E2A6F748A00A34010 /* PageResponse.swift */; };
		8DD33B832A6F74E500A34010 /* Sheet.swift in Sources */ = {isa = PBXBuildFile; fileRef = 8DD33B822A6F74E500A34010 /* Sheet.swift */; };
		8DD33B862A6F7CC300A34010 /* ObservableMoyaExtension.swift in Sources */ = {isa = PBXBuildFile; fileRef = 8DD33B852A6F7CC300A34010 /* ObservableMoyaExtension.swift */; };
		8DD33B882A6F809E00A34010 /* BaseModel.swift in Sources */ = {isa = PBXBuildFile; fileRef = 8DD33B872A6F809E00A34010 /* BaseModel.swift */; };
		8DD33B8A2A6F80FF00A34010 /* BaseId.swift in Sources */ = {isa = PBXBuildFile; fileRef = 8DD33B892A6F80FF00A34010 /* BaseId.swift */; };
		8DD33B8C2A6F813200A34010 /* BaseCommon.swift in Sources */ = {isa = PBXBuildFile; fileRef = 8DD33B8B2A6F813200A34010 /* BaseCommon.swift */; };
		8DD33B8F2A6F82B200A34010 /* ListResponse.swift in Sources */ = {isa = PBXBuildFile; fileRef = 8DD33B8E2A6F82B200A34010 /* ListResponse.swift */; };
		8DD33B912A6F836100A34010 /* BaseResponse.swift in Sources */ = {isa = PBXBuildFile; fileRef = 8DD33B902A6F836100A34010 /* BaseResponse.swift */; };
		8DD33B932A6F83B800A34010 /* DetailResponse.swift in Sources */ = {isa = PBXBuildFile; fileRef = 8DD33B922A6F83B800A34010 /* DetailResponse.swift */; };
		8DD33B952A6F846F00A34010 /* Meta.swift in Sources */ = {isa = PBXBuildFile; fileRef = 8DD33B942A6F846F00A34010 /* Meta.swift */; };
		8DD33B992A6F86CA00A34010 /* Ad.swift in Sources */ = {isa = PBXBuildFile; fileRef = 8DD33B982A6F86CA00A34010 /* Ad.swift */; };
		8DD33B9D2A7041B700A34010 /* SuperToast.swift in Sources */ = {isa = PBXBuildFile; fileRef = 8DD33B9C2A7041B700A34010 /* SuperToast.swift */; };
		8DEBED312A6C4F7A00303597 /* AppDelegate.swift in Sources */ = {isa = PBXBuildFile; fileRef = 8DEBED302A6C4F7A00303597 /* AppDelegate.swift */; };
		8DEBED352A6C4F7A00303597 /* SplashController.swift in Sources */ = {isa = PBXBuildFile; fileRef = 8DEBED342A6C4F7A00303597 /* SplashController.swift */; };
		8DEBED3A2A6C4F7B00303597 /* Assets.xcassets in Resources */ = {isa = PBXBuildFile; fileRef = 8DEBED392A6C4F7B00303597 /* Assets.xcassets */; };
		8DEBED3D2A6C4F7B00303597 /* LaunchScreen.storyboard in Resources */ = {isa = PBXBuildFile; fileRef = 8DEBED3B2A6C4F7B00303597 /* LaunchScreen.storyboard */; };
		8DEBED482A6C4F7B00303597 /* MelodyMusicTests.swift in Sources */ = {isa = PBXBuildFile; fileRef = 8DEBED472A6C4F7B00303597 /* MelodyMusicTests.swift */; };
		8DEBED522A6C4F7B00303597 /* MelodyMusicUITests.swift in Sources */ = {isa = PBXBuildFile; fileRef = 8DEBED512A6C4F7B00303597 /* MelodyMusicUITests.swift */; };
		8DEBED542A6C4F7B00303597 /* MelodyMusicUITestsLaunchTests.swift in Sources */ = {isa = PBXBuildFile; fileRef = 8DEBED532A6C4F7B00303597 /* MelodyMusicUITestsLaunchTests.swift */; };
		CEAC666C7A528C0B23B508BF /* Pods_MelodyMusic.framework in Frameworks */ = {isa = PBXBuildFile; fileRef = 8F49BAF81D597800B0950D60 /* Pods_MelodyMusic.framework */; };
/* End PBXBuildFile section */

/* Begin PBXContainerItemProxy section */
		8DEBED442A6C4F7B00303597 /* PBXContainerItemProxy */ = {
			isa = PBXContainerItemProxy;
			containerPortal = 8DEBED252A6C4F7A00303597 /* Project object */;
			proxyType = 1;
			remoteGlobalIDString = 8DEBED2C2A6C4F7A00303597;
			remoteInfo = MelodyMusic;
		};
		8DEBED4E2A6C4F7B00303597 /* PBXContainerItemProxy */ = {
			isa = PBXContainerItemProxy;
			containerPortal = 8DEBED252A6C4F7A00303597 /* Project object */;
			proxyType = 1;
			remoteGlobalIDString = 8DEBED2C2A6C4F7A00303597;
			remoteInfo = MelodyMusic;
		};
/* End PBXContainerItemProxy section */

/* Begin PBXFileReference section */
		0C2BD0C475118F21AFA06524 /* Pods-MelodyMusic.release.xcconfig */ = {isa = PBXFileReference; includeInIndex = 1; lastKnownFileType = text.xcconfig; name = "Pods-MelodyMusic.release.xcconfig"; path = "Target Support Files/Pods-MelodyMusic/Pods-MelodyMusic.release.xcconfig"; sourceTree = "<group>"; };
		309120CF9AD7639157F05755 /* Pods-MelodyMusic.debug.xcconfig */ = {isa = PBXFileReference; includeInIndex = 1; lastKnownFileType = text.xcconfig; name = "Pods-MelodyMusic.debug.xcconfig"; path = "Target Support Files/Pods-MelodyMusic/Pods-MelodyMusic.debug.xcconfig"; sourceTree = "<group>"; };
		8D7E86642A6CE18F008580A9 /* en */ = {isa = PBXFileReference; lastKnownFileType = text.plist.strings; name = en; path = en.lproj/InfoPlist.strings; sourceTree = "<group>"; };
		8D7E86662A6CE191008580A9 /* zh-Hans */ = {isa = PBXFileReference; lastKnownFileType = text.plist.strings; name = "zh-Hans"; path = "zh-Hans.lproj/InfoPlist.strings"; sourceTree = "<group>"; };
		8D7E86682A6CE5A1008580A9 /* R.generated.swift */ = {isa = PBXFileReference; fileEncoding = 4; lastKnownFileType = sourcecode.swift; path = R.generated.swift; sourceTree = SOURCE_ROOT; };
		8D7E866B2A6CED2E008580A9 /* SuperUIColorExtension.swift */ = {isa = PBXFileReference; lastKnownFileType = sourcecode.swift; path = SuperUIColorExtension.swift; sourceTree = "<group>"; };
		8D7E866D2A6CF007008580A9 /* SuperUIThemeExtension.swift */ = {isa = PBXFileReference; lastKnownFileType = sourcecode.swift; path = SuperUIThemeExtension.swift; sourceTree = "<group>"; };
		8D7E86702A6CF505008580A9 /* BaseController.swift */ = {isa = PBXFileReference; lastKnownFileType = sourcecode.swift; path = BaseController.swift; sourceTree = "<group>"; };
		8D7E86722A6CF58D008580A9 /* BaseCommonController.swift */ = {isa = PBXFileReference; lastKnownFileType = sourcecode.swift; path = BaseCommonController.swift; sourceTree = "<group>"; };
		8D7E86742A6CF5E7008580A9 /* BaseLogicController.swift */ = {isa = PBXFileReference; lastKnownFileType = sourcecode.swift; path = BaseLogicController.swift; sourceTree = "<group>"; };
		8D7E86762A6CFC79008580A9 /* BaseTitleController.swift */ = {isa = PBXFileReference; lastKnownFileType = sourcecode.swift; path = BaseTitleController.swift; sourceTree = "<group>"; };
		8D7E86782A6CFE46008580A9 /* MelodyMusic-Bridging-Header.h */ = {isa = PBXFileReference; lastKnownFileType = sourcecode.c.h; path = "MelodyMusic-Bridging-Header.h"; sourceTree = "<group>"; };
		8D7E867B2A6D0042008580A9 /* TermServiceDialogController.swift */ = {isa = PBXFileReference; lastKnownFileType = sourcecode.swift; path = TermServiceDialogController.swift; sourceTree = "<group>"; };
		8D7E867E2A6D049C008580A9 /* ViewFactoryUtil.swift */ = {isa = PBXFileReference; lastKnownFileType = sourcecode.swift; path = ViewFactoryUtil.swift; sourceTree = "<group>"; };
		8D7E86802A6D0578008580A9 /* Constants.swift */ = {isa = PBXFileReference; lastKnownFileType = sourcecode.swift; path = Constants.swift; sourceTree = "<group>"; };
		8D7E86842A6D0CEB008580A9 /* GuideController.swift */ = {isa = PBXFileReference; lastKnownFileType = sourcecode.swift; path = GuideController.swift; sourceTree = "<group>"; };
		8DA405C52A6CD8FE0033F979 /* SuperDateUtil.swift */ = {isa = PBXFileReference; lastKnownFileType = sourcecode.swift; path = SuperDateUtil.swift; sourceTree = "<group>"; };
		8DA405CB2A6CDC460033F979 /* en */ = {isa = PBXFileReference; lastKnownFileType = text.plist.strings; name = en; path = en.lproj/Localizable.strings; sourceTree = "<group>"; };
		8DA405CD2A6CDC5E0033F979 /* zh-Hans */ = {isa = PBXFileReference; lastKnownFileType = text.plist.strings; name = "zh-Hans"; path = "zh-Hans.lproj/LaunchScreen.strings"; sourceTree = "<group>"; };
		8DA405CE2A6CDC5E0033F979 /* zh-Hans */ = {isa = PBXFileReference; lastKnownFileType = text.plist.strings; name = "zh-Hans"; path = "zh-Hans.lproj/Localizable.strings"; sourceTree = "<group>"; };
		8DD33B462A6F28B700A34010 /* DefaultPreferenceUtil.swift */ = {isa = PBXFileReference; lastKnownFileType = sourcecode.swift; path = DefaultPreferenceUtil.swift; sourceTree = "<group>"; };
		8DD33B4A2A6F2B7E00A34010 /* MainController.swift */ = {isa = PBXFileReference; lastKnownFileType = sourcecode.swift; path = MainController.swift; sourceTree = "<group>"; };
		8DD33B4E2A6F34E100A34010 /* LoginHomeController.swift */ = {isa = PBXFileReference; lastKnownFileType = sourcecode.swift; path = LoginHomeController.swift; sourceTree = "<group>"; };
		8DD33B522A6F392400A34010 /* UIView+YJBannerViewExt.m */ = {isa = PBXFileReference; fileEncoding = 4; lastKnownFileType = sourcecode.c.objc; path = "UIView+YJBannerViewExt.m"; sourceTree = "<group>"; };
		8DD33B532A6F392400A34010 /* UIView+YJBannerViewExt.h */ = {isa = PBXFileReference; fileEncoding = 4; lastKnownFileType = sourcecode.c.h; path = "UIView+YJBannerViewExt.h"; sourceTree = "<group>"; };
		8DD33B542A6F392400A34010 /* YJBannerView.m */ = {isa = PBXFileReference; fileEncoding = 4; lastKnownFileType = sourcecode.c.objc; path = YJBannerView.m; sourceTree = "<group>"; };
		8DD33B572A6F392400A34010 /* YJAnimatedDotView.h */ = {isa = PBXFileReference; fileEncoding = 4; lastKnownFileType = sourcecode.c.h; path = YJAnimatedDotView.h; sourceTree = "<group>"; };
		8DD33B582A6F392400A34010 /* YJHollowPageControl.m */ = {isa = PBXFileReference; fileEncoding = 4; lastKnownFileType = sourcecode.c.objc; path = YJHollowPageControl.m; sourceTree = "<group>"; };
		8DD33B592A6F392400A34010 /* YJAbstractDotView.m */ = {isa = PBXFileReference; fileEncoding = 4; lastKnownFileType = sourcecode.c.objc; path = YJAbstractDotView.m; sourceTree = "<group>"; };
		8DD33B5A2A6F392400A34010 /* YJAnimatedDotView.m */ = {isa = PBXFileReference; fileEncoding = 4; lastKnownFileType = sourcecode.c.objc; path = YJAnimatedDotView.m; sourceTree = "<group>"; };
		8DD33B5B2A6F392400A34010 /* YJHollowPageControl.h */ = {isa = PBXFileReference; fileEncoding = 4; lastKnownFileType = sourcecode.c.h; path = YJHollowPageControl.h; sourceTree = "<group>"; };
		8DD33B5C2A6F392400A34010 /* YJAbstractDotView.h */ = {isa = PBXFileReference; fileEncoding = 4; lastKnownFileType = sourcecode.c.h; path = YJAbstractDotView.h; sourceTree = "<group>"; };
		8DD33B5D2A6F392400A34010 /* YJBannerView.h */ = {isa = PBXFileReference; fileEncoding = 4; lastKnownFileType = sourcecode.c.h; path = YJBannerView.h; sourceTree = "<group>"; };
		8DD33B5F2A6F392400A34010 /* YJBannerView.bundle */ = {isa = PBXFileReference; lastKnownFileType = "wrapper.plug-in"; path = YJBannerView.bundle; sourceTree = "<group>"; };
		8DD33B612A6F392400A34010 /* YJBannerViewCollectionView.m */ = {isa = PBXFileReference; fileEncoding = 4; lastKnownFileType = sourcecode.c.objc; path = YJBannerViewCollectionView.m; sourceTree = "<group>"; };
		8DD33B622A6F392400A34010 /* YJBannerViewCell.m */ = {isa = PBXFileReference; fileEncoding = 4; lastKnownFileType = sourcecode.c.objc; path = YJBannerViewCell.m; sourceTree = "<group>"; };
		8DD33B632A6F392400A34010 /* YJBannerViewFooter.h */ = {isa = PBXFileReference; fileEncoding = 4; lastKnownFileType = sourcecode.c.h; path = YJBannerViewFooter.h; sourceTree = "<group>"; };
		8DD33B642A6F392400A34010 /* YJBannerViewCollectionView.h */ = {isa = PBXFileReference; fileEncoding = 4; lastKnownFileType = sourcecode.c.h; path = YJBannerViewCollectionView.h; sourceTree = "<group>"; };
		8DD33B652A6F392400A34010 /* YJBannerViewFooter.m */ = {isa = PBXFileReference; fileEncoding = 4; lastKnownFileType = sourcecode.c.objc; path = YJBannerViewFooter.m; sourceTree = "<group>"; };
		8DD33B662A6F392400A34010 /* YJBannerViewCell.h */ = {isa = PBXFileReference; fileEncoding = 4; lastKnownFileType = sourcecode.c.h; path = YJBannerViewCell.h; sourceTree = "<group>"; };
		8DD33B702A6F53D900A34010 /* Config.swift */ = {isa = PBXFileReference; lastKnownFileType = sourcecode.swift; path = Config.swift; sourceTree = "<group>"; };
		8DD33B732A6F645000A34010 /* DefaultService.swift */ = {isa = PBXFileReference; lastKnownFileType = sourcecode.swift; path = DefaultService.swift; sourceTree = "<group>"; };
		8DD33B772A6F650400A34010 /* User.swift */ = {isa = PBXFileReference; lastKnownFileType = sourcecode.swift; path = User.swift; sourceTree = "<group>"; };
		8DD33B792A6F677700A34010 /* ParamUtil.swift */ = {isa = PBXFileReference; lastKnownFileType = sourcecode.swift; path = ParamUtil.swift; sourceTree = "<group>"; };
		8DD33B7C2A6F73E400A34010 /* SheetListResponse.swift */ = {isa = PBXFileReference; lastKnownFileType = sourcecode.swift; path = SheetListResponse.swift; sourceTree = "<group>"; };
		8DD33B7E2A6F748A00A34010 /* PageResponse.swift */ = {isa = PBXFileReference; lastKnownFileType = sourcecode.swift; path = PageResponse.swift; sourceTree = "<group>"; };
		8DD33B822A6F74E500A34010 /* Sheet.swift */ = {isa = PBXFileReference; lastKnownFileType = sourcecode.swift; path = Sheet.swift; sourceTree = "<group>"; };
		8DD33B852A6F7CC300A34010 /* ObservableMoyaExtension.swift */ = {isa = PBXFileReference; lastKnownFileType = sourcecode.swift; path = ObservableMoyaExtension.swift; sourceTree = "<group>"; };
		8DD33B872A6F809E00A34010 /* BaseModel.swift */ = {isa = PBXFileReference; lastKnownFileType = sourcecode.swift; path = BaseModel.swift; sourceTree = "<group>"; };
		8DD33B892A6F80FF00A34010 /* BaseId.swift */ = {isa = PBXFileReference; lastKnownFileType = sourcecode.swift; path = BaseId.swift; sourceTree = "<group>"; };
		8DD33B8B2A6F813200A34010 /* BaseCommon.swift */ = {isa = PBXFileReference; lastKnownFileType = sourcecode.swift; path = BaseCommon.swift; sourceTree = "<group>"; };
		8DD33B8E2A6F82B200A34010 /* ListResponse.swift */ = {isa = PBXFileReference; lastKnownFileType = sourcecode.swift; path = ListResponse.swift; sourceTree = "<group>"; };
		8DD33B902A6F836100A34010 /* BaseResponse.swift */ = {isa = PBXFileReference; lastKnownFileType = sourcecode.swift; path = BaseResponse.swift; sourceTree = "<group>"; };
		8DD33B922A6F83B800A34010 /* DetailResponse.swift */ = {isa = PBXFileReference; lastKnownFileType = sourcecode.swift; path = DetailResponse.swift; sourceTree = "<group>"; };
		8DD33B942A6F846F00A34010 /* Meta.swift */ = {isa = PBXFileReference; lastKnownFileType = sourcecode.swift; path = Meta.swift; sourceTree = "<group>"; };
		8DD33B982A6F86CA00A34010 /* Ad.swift */ = {isa = PBXFileReference; lastKnownFileType = sourcecode.swift; path = Ad.swift; sourceTree = "<group>"; };
		8DD33B9C2A7041B700A34010 /* SuperToast.swift */ = {isa = PBXFileReference; lastKnownFileType = sourcecode.swift; path = SuperToast.swift; sourceTree = "<group>"; };
		8DEBED2D2A6C4F7A00303597 /* MelodyMusic.app */ = {isa = PBXFileReference; explicitFileType = wrapper.application; includeInIndex = 0; path = MelodyMusic.app; sourceTree = BUILT_PRODUCTS_DIR; };
		8DEBED302A6C4F7A00303597 /* AppDelegate.swift */ = {isa = PBXFileReference; lastKnownFileType = sourcecode.swift; path = AppDelegate.swift; sourceTree = "<group>"; };
		8DEBED342A6C4F7A00303597 /* SplashController.swift */ = {isa = PBXFileReference; lastKnownFileType = sourcecode.swift; path = SplashController.swift; sourceTree = "<group>"; };
		8DEBED392A6C4F7B00303597 /* Assets.xcassets */ = {isa = PBXFileReference; lastKnownFileType = folder.assetcatalog; path = Assets.xcassets; sourceTree = "<group>"; };
		8DEBED3C2A6C4F7B00303597 /* Base */ = {isa = PBXFileReference; lastKnownFileType = file.storyboard; name = Base; path = Base.lproj/LaunchScreen.storyboard; sourceTree = "<group>"; };
		8DEBED3E2A6C4F7B00303597 /* Info.plist */ = {isa = PBXFileReference; lastKnownFileType = text.plist.xml; path = Info.plist; sourceTree = "<group>"; };
		8DEBED432A6C4F7B00303597 /* MelodyMusicTests.xctest */ = {isa = PBXFileReference; explicitFileType = wrapper.cfbundle; includeInIndex = 0; path = MelodyMusicTests.xctest; sourceTree = BUILT_PRODUCTS_DIR; };
		8DEBED472A6C4F7B00303597 /* MelodyMusicTests.swift */ = {isa = PBXFileReference; lastKnownFileType = sourcecode.swift; path = MelodyMusicTests.swift; sourceTree = "<group>"; };
		8DEBED4D2A6C4F7B00303597 /* MelodyMusicUITests.xctest */ = {isa = PBXFileReference; explicitFileType = wrapper.cfbundle; includeInIndex = 0; path = MelodyMusicUITests.xctest; sourceTree = BUILT_PRODUCTS_DIR; };
		8DEBED512A6C4F7B00303597 /* MelodyMusicUITests.swift */ = {isa = PBXFileReference; lastKnownFileType = sourcecode.swift; path = MelodyMusicUITests.swift; sourceTree = "<group>"; };
		8DEBED532A6C4F7B00303597 /* MelodyMusicUITestsLaunchTests.swift */ = {isa = PBXFileReference; lastKnownFileType = sourcecode.swift; path = MelodyMusicUITestsLaunchTests.swift; sourceTree = "<group>"; };
		8F49BAF81D597800B0950D60 /* Pods_MelodyMusic.framework */ = {isa = PBXFileReference; explicitFileType = wrapper.framework; includeInIndex = 0; path = Pods_MelodyMusic.framework; sourceTree = BUILT_PRODUCTS_DIR; };
/* End PBXFileReference section */

/* Begin PBXFrameworksBuildPhase section */
		8DEBED2A2A6C4F7A00303597 /* Frameworks */ = {
			isa = PBXFrameworksBuildPhase;
			buildActionMask = 2147483647;
			files = (
				CEAC666C7A528C0B23B508BF /* Pods_MelodyMusic.framework in Frameworks */,
			);
			runOnlyForDeploymentPostprocessing = 0;
		};
		8DEBED402A6C4F7B00303597 /* Frameworks */ = {
			isa = PBXFrameworksBuildPhase;
			buildActionMask = 2147483647;
			files = (
			);
			runOnlyForDeploymentPostprocessing = 0;
		};
		8DEBED4A2A6C4F7B00303597 /* Frameworks */ = {
			isa = PBXFrameworksBuildPhase;
			buildActionMask = 2147483647;
			files = (
			);
			runOnlyForDeploymentPostprocessing = 0;
		};
/* End PBXFrameworksBuildPhase section */

/* Begin PBXGroup section */
		8D7E866A2A6CECFF008580A9 /* Config */ = {
			isa = PBXGroup;
			children = (
				8D7E866B2A6CED2E008580A9 /* SuperUIColorExtension.swift */,
				8D7E866D2A6CF007008580A9 /* SuperUIThemeExtension.swift */,
				8DD33B702A6F53D900A34010 /* Config.swift */,
			);
			path = Config;
			sourceTree = "<group>";
		};
		8D7E866F2A6CF4DF008580A9 /* Controller */ = {
			isa = PBXGroup;
			children = (
				8D7E86702A6CF505008580A9 /* BaseController.swift */,
				8D7E86722A6CF58D008580A9 /* BaseCommonController.swift */,
				8D7E86742A6CF5E7008580A9 /* BaseLogicController.swift */,
				8D7E86762A6CFC79008580A9 /* BaseTitleController.swift */,
			);
			path = Controller;
			sourceTree = "<group>";
		};
		8D7E867D2A6D0486008580A9 /* Util */ = {
			isa = PBXGroup;
			children = (
				8D7E867E2A6D049C008580A9 /* ViewFactoryUtil.swift */,
				8D7E86802A6D0578008580A9 /* Constants.swift */,
				8DD33B462A6F28B700A34010 /* DefaultPreferenceUtil.swift */,
				8DD33B792A6F677700A34010 /* ParamUtil.swift */,
			);
			path = Util;
			sourceTree = "<group>";
		};
		8D7E86822A6D0CB6008580A9 /* Guide */ = {
			isa = PBXGroup;
			children = (
				8D7E86832A6D0CC4008580A9 /* Controller */,
			);
			path = Guide;
			sourceTree = "<group>";
		};
		8D7E86832A6D0CC4008580A9 /* Controller */ = {
			isa = PBXGroup;
			children = (
				8D7E86842A6D0CEB008580A9 /* GuideController.swift */,
			);
			path = Controller;
			sourceTree = "<group>";
		};
		8D90166E2A6C5F8C00A4F688 /* Controller */ = {
			isa = PBXGroup;
			children = (
				8DEBED342A6C4F7A00303597 /* SplashController.swift */,
				8D7E867B2A6D0042008580A9 /* TermServiceDialogController.swift */,
			);
			path = Controller;
			sourceTree = "<group>";
		};
		8DA405C02A6CD3130033F979 /* Splash */ = {
			isa = PBXGroup;
			children = (
				8D90166E2A6C5F8C00A4F688 /* Controller */,
			);
			path = Splash;
			sourceTree = "<group>";
		};
		8DA405C12A6CD3300033F979 /* Component */ = {
			isa = PBXGroup;
			children = (
				8DD33B962A6F86B700A34010 /* Ad */,
				8DD33B802A6F74D000A34010 /* Sheet */,
				8DD33B752A6F64F400A34010 /* User */,
				8DD33B4C2A6F34BE00A34010 /* Login */,
				8DD33B482A6F2B5500A34010 /* Main */,
				8D7E86822A6D0CB6008580A9 /* Guide */,
				8DA405C02A6CD3130033F979 /* Splash */,
			);
			path = Component;
			sourceTree = "<group>";
		};
		8DA405C22A6CD8870033F979 /* Vendor */ = {
			isa = PBXGroup;
			children = (
				8DD33B502A6F392400A34010 /* YJBannerView */,
				8DD33B9A2A70414200A34010 /* SuperUI */,
				8DA405C32A6CD8920033F979 /* SuperSwift */,
			);
			path = Vendor;
			sourceTree = "<group>";
		};
		8DA405C32A6CD8920033F979 /* SuperSwift */ = {
			isa = PBXGroup;
			children = (
				8DA405C42A6CD89C0033F979 /* Date */,
			);
			path = SuperSwift;
			sourceTree = "<group>";
		};
		8DA405C42A6CD89C0033F979 /* Date */ = {
			isa = PBXGroup;
			children = (
				8DA405C52A6CD8FE0033F979 /* SuperDateUtil.swift */,
			);
			path = Date;
			sourceTree = "<group>";
		};
		8DD33B482A6F2B5500A34010 /* Main */ = {
			isa = PBXGroup;
			children = (
				8DD33B492A6F2B6100A34010 /* Controller */,
			);
			path = Main;
			sourceTree = "<group>";
		};
		8DD33B492A6F2B6100A34010 /* Controller */ = {
			isa = PBXGroup;
			children = (
				8DD33B4A2A6F2B7E00A34010 /* MainController.swift */,
			);
			path = Controller;
			sourceTree = "<group>";
		};
		8DD33B4C2A6F34BE00A34010 /* Login */ = {
			isa = PBXGroup;
			children = (
				8DD33B4D2A6F34C300A34010 /* Controller */,
			);
			path = Login;
			sourceTree = "<group>";
		};
		8DD33B4D2A6F34C300A34010 /* Controller */ = {
			isa = PBXGroup;
			children = (
				8DD33B4E2A6F34E100A34010 /* LoginHomeController.swift */,
			);
			path = Controller;
			sourceTree = "<group>";
		};
		8DD33B502A6F392400A34010 /* YJBannerView */ = {
			isa = PBXGroup;
			children = (
				8DD33B512A6F392400A34010 /* Tools */,
				8DD33B542A6F392400A34010 /* YJBannerView.m */,
				8DD33B552A6F392400A34010 /* PageControls */,
				8DD33B5D2A6F392400A34010 /* YJBannerView.h */,
				8DD33B5E2A6F392400A34010 /* Resource */,
				8DD33B602A6F392400A34010 /* Views */,
			);
			path = YJBannerView;
			sourceTree = "<group>";
		};
		8DD33B512A6F392400A34010 /* Tools */ = {
			isa = PBXGroup;
			children = (
				8DD33B522A6F392400A34010 /* UIView+YJBannerViewExt.m */,
				8DD33B532A6F392400A34010 /* UIView+YJBannerViewExt.h */,
			);
			path = Tools;
			sourceTree = "<group>";
		};
		8DD33B552A6F392400A34010 /* PageControls */ = {
			isa = PBXGroup;
			children = (
				8DD33B562A6F392400A34010 /* YJHollowPageControl */,
			);
			path = PageControls;
			sourceTree = "<group>";
		};
		8DD33B562A6F392400A34010 /* YJHollowPageControl */ = {
			isa = PBXGroup;
			children = (
				8DD33B572A6F392400A34010 /* YJAnimatedDotView.h */,
				8DD33B582A6F392400A34010 /* YJHollowPageControl.m */,
				8DD33B592A6F392400A34010 /* YJAbstractDotView.m */,
				8DD33B5A2A6F392400A34010 /* YJAnimatedDotView.m */,
				8DD33B5B2A6F392400A34010 /* YJHollowPageControl.h */,
				8DD33B5C2A6F392400A34010 /* YJAbstractDotView.h */,
			);
			path = YJHollowPageControl;
			sourceTree = "<group>";
		};
		8DD33B5E2A6F392400A34010 /* Resource */ = {
			isa = PBXGroup;
			children = (
				8DD33B5F2A6F392400A34010 /* YJBannerView.bundle */,
			);
			path = Resource;
			sourceTree = "<group>";
		};
		8DD33B602A6F392400A34010 /* Views */ = {
			isa = PBXGroup;
			children = (
				8DD33B612A6F392400A34010 /* YJBannerViewCollectionView.m */,
				8DD33B622A6F392400A34010 /* YJBannerViewCell.m */,
				8DD33B632A6F392400A34010 /* YJBannerViewFooter.h */,
				8DD33B642A6F392400A34010 /* YJBannerViewCollectionView.h */,
				8DD33B652A6F392400A34010 /* YJBannerViewFooter.m */,
				8DD33B662A6F392400A34010 /* YJBannerViewCell.h */,
			);
			path = Views;
			sourceTree = "<group>";
		};
		8DD33B722A6F642B00A34010 /* Service */ = {
			isa = PBXGroup;
			children = (
				8DD33B732A6F645000A34010 /* DefaultService.swift */,
			);
			path = Service;
			sourceTree = "<group>";
		};
		8DD33B752A6F64F400A34010 /* User */ = {
			isa = PBXGroup;
			children = (
				8DD33B762A6F64FB00A34010 /* Model */,
			);
			path = User;
			sourceTree = "<group>";
		};
		8DD33B762A6F64FB00A34010 /* Model */ = {
			isa = PBXGroup;
			children = (
				8DD33B772A6F650400A34010 /* User.swift */,
			);
			path = Model;
			sourceTree = "<group>";
		};
		8DD33B7B2A6F73C400A34010 /* Model */ = {
			isa = PBXGroup;
			children = (
				8DD33B8D2A6F82A500A34010 /* Response */,
				8DD33B7C2A6F73E400A34010 /* SheetListResponse.swift */,
				8DD33B7E2A6F748A00A34010 /* PageResponse.swift */,
				8DD33B872A6F809E00A34010 /* BaseModel.swift */,
				8DD33B892A6F80FF00A34010 /* BaseId.swift */,
				8DD33B8B2A6F813200A34010 /* BaseCommon.swift */,
			);
			path = Model;
			sourceTree = "<group>";
		};
		8DD33B802A6F74D000A34010 /* Sheet */ = {
			isa = PBXGroup;
			children = (
				8DD33B812A6F74DA00A34010 /* Model */,
			);
			path = Sheet;
			sourceTree = "<group>";
		};
		8DD33B812A6F74DA00A34010 /* Model */ = {
			isa = PBXGroup;
			children = (
				8DD33B822A6F74E500A34010 /* Sheet.swift */,
			);
			path = Model;
			sourceTree = "<group>";
		};
		8DD33B842A6F7C8600A34010 /* Extension */ = {
			isa = PBXGroup;
			children = (
				8DD33B852A6F7CC300A34010 /* ObservableMoyaExtension.swift */,
			);
			path = Extension;
			sourceTree = "<group>";
		};
		8DD33B8D2A6F82A500A34010 /* Response */ = {
			isa = PBXGroup;
			children = (
				8DD33B8E2A6F82B200A34010 /* ListResponse.swift */,
				8DD33B902A6F836100A34010 /* BaseResponse.swift */,
				8DD33B922A6F83B800A34010 /* DetailResponse.swift */,
				8DD33B942A6F846F00A34010 /* Meta.swift */,
			);
			path = Response;
			sourceTree = "<group>";
		};
		8DD33B962A6F86B700A34010 /* Ad */ = {
			isa = PBXGroup;
			children = (
				8DD33B972A6F86BC00A34010 /* Model */,
			);
			path = Ad;
			sourceTree = "<group>";
		};
		8DD33B972A6F86BC00A34010 /* Model */ = {
			isa = PBXGroup;
			children = (
				8DD33B982A6F86CA00A34010 /* Ad.swift */,
			);
			path = Model;
			sourceTree = "<group>";
		};
		8DD33B9A2A70414200A34010 /* SuperUI */ = {
			isa = PBXGroup;
			children = (
				8DD33B9B2A7041A300A34010 /* Toast */,
			);
			path = SuperUI;
			sourceTree = "<group>";
		};
		8DD33B9B2A7041A300A34010 /* Toast */ = {
			isa = PBXGroup;
			children = (
				8DD33B9C2A7041B700A34010 /* SuperToast.swift */,
			);
			path = Toast;
			sourceTree = "<group>";
		};
		8DEBED242A6C4F7A00303597 = {
			isa = PBXGroup;
			children = (
				8DEBED2F2A6C4F7A00303597 /* MelodyMusic */,
				8DEBED462A6C4F7B00303597 /* MelodyMusicTests */,
				8DEBED502A6C4F7B00303597 /* MelodyMusicUITests */,
				8DEBED2E2A6C4F7A00303597 /* Products */,
				A5D514035FDDD657CEC6A809 /* Pods */,
				B3B01EAA1DE67A8EA30235B2 /* Frameworks */,
			);
			sourceTree = "<group>";
		};
		8DEBED2E2A6C4F7A00303597 /* Products */ = {
			isa = PBXGroup;
			children = (
				8DEBED2D2A6C4F7A00303597 /* MelodyMusic.app */,
				8DEBED432A6C4F7B00303597 /* MelodyMusicTests.xctest */,
				8DEBED4D2A6C4F7B00303597 /* MelodyMusicUITests.xctest */,
			);
			name = Products;
			sourceTree = "<group>";
		};
		8DEBED2F2A6C4F7A00303597 /* MelodyMusic */ = {
			isa = PBXGroup;
			children = (
				8DD33B842A6F7C8600A34010 /* Extension */,
				8DD33B7B2A6F73C400A34010 /* Model */,
				8DD33B722A6F642B00A34010 /* Service */,
				8D7E867D2A6D0486008580A9 /* Util */,
				8D7E866F2A6CF4DF008580A9 /* Controller */,
				8D7E866A2A6CECFF008580A9 /* Config */,
				8DA405C22A6CD8870033F979 /* Vendor */,
				8DA405C12A6CD3300033F979 /* Component */,
				8DEBED302A6C4F7A00303597 /* AppDelegate.swift */,
				8D7E86682A6CE5A1008580A9 /* R.generated.swift */,
				8DEBED392A6C4F7B00303597 /* Assets.xcassets */,
				8DEBED3B2A6C4F7B00303597 /* LaunchScreen.storyboard */,
				8DEBED3E2A6C4F7B00303597 /* Info.plist */,
				8DA405CC2A6CDC460033F979 /* Localizable.strings */,
				8D7E86652A6CE18F008580A9 /* InfoPlist.strings */,
				8D7E86782A6CFE46008580A9 /* MelodyMusic-Bridging-Header.h */,
			);
			path = MelodyMusic;
			sourceTree = "<group>";
		};
		8DEBED462A6C4F7B00303597 /* MelodyMusicTests */ = {
			isa = PBXGroup;
			children = (
				8DEBED472A6C4F7B00303597 /* MelodyMusicTests.swift */,
			);
			path = MelodyMusicTests;
			sourceTree = "<group>";
		};
		8DEBED502A6C4F7B00303597 /* MelodyMusicUITests */ = {
			isa = PBXGroup;
			children = (
				8DEBED512A6C4F7B00303597 /* MelodyMusicUITests.swift */,
				8DEBED532A6C4F7B00303597 /* MelodyMusicUITestsLaunchTests.swift */,
			);
			path = MelodyMusicUITests;
			sourceTree = "<group>";
		};
		A5D514035FDDD657CEC6A809 /* Pods */ = {
			isa = PBXGroup;
			children = (
				309120CF9AD7639157F05755 /* Pods-MelodyMusic.debug.xcconfig */,
				0C2BD0C475118F21AFA06524 /* Pods-MelodyMusic.release.xcconfig */,
			);
			path = Pods;
			sourceTree = "<group>";
		};
		B3B01EAA1DE67A8EA30235B2 /* Frameworks */ = {
			isa = PBXGroup;
			children = (
				8F49BAF81D597800B0950D60 /* Pods_MelodyMusic.framework */,
			);
			name = Frameworks;
			sourceTree = "<group>";
		};
/* End PBXGroup section */

/* Begin PBXNativeTarget section */
		8DEBED2C2A6C4F7A00303597 /* MelodyMusic */ = {
			isa = PBXNativeTarget;
			buildConfigurationList = 8DEBED572A6C4F7B00303597 /* Build configuration list for PBXNativeTarget "MelodyMusic" */;
			buildPhases = (
				AD47A546CFDBCBE4C530CC40 /* [CP] Check Pods Manifest.lock */,
				8D7E86672A6CE3FD008580A9 /* ShellScript */,
				8DEBED292A6C4F7A00303597 /* Sources */,
				8DEBED2A2A6C4F7A00303597 /* Frameworks */,
				8DEBED2B2A6C4F7A00303597 /* Resources */,
				2109791615919028C041BA72 /* [CP] Embed Pods Frameworks */,
			);
			buildRules = (
			);
			dependencies = (
			);
			name = MelodyMusic;
			productName = MelodyMusic;
			productReference = 8DEBED2D2A6C4F7A00303597 /* MelodyMusic.app */;
			productType = "com.apple.product-type.application";
		};
		8DEBED422A6C4F7B00303597 /* MelodyMusicTests */ = {
			isa = PBXNativeTarget;
			buildConfigurationList = 8DEBED5A2A6C4F7B00303597 /* Build configuration list for PBXNativeTarget "MelodyMusicTests" */;
			buildPhases = (
				8DEBED3F2A6C4F7B00303597 /* Sources */,
				8DEBED402A6C4F7B00303597 /* Frameworks */,
				8DEBED412A6C4F7B00303597 /* Resources */,
			);
			buildRules = (
			);
			dependencies = (
				8DEBED452A6C4F7B00303597 /* PBXTargetDependency */,
			);
			name = MelodyMusicTests;
			productName = MelodyMusicTests;
			productReference = 8DEBED432A6C4F7B00303597 /* MelodyMusicTests.xctest */;
			productType = "com.apple.product-type.bundle.unit-test";
		};
		8DEBED4C2A6C4F7B00303597 /* MelodyMusicUITests */ = {
			isa = PBXNativeTarget;
			buildConfigurationList = 8DEBED5D2A6C4F7B00303597 /* Build configuration list for PBXNativeTarget "MelodyMusicUITests" */;
			buildPhases = (
				8DEBED492A6C4F7B00303597 /* Sources */,
				8DEBED4A2A6C4F7B00303597 /* Frameworks */,
				8DEBED4B2A6C4F7B00303597 /* Resources */,
			);
			buildRules = (
			);
			dependencies = (
				8DEBED4F2A6C4F7B00303597 /* PBXTargetDependency */,
			);
			name = MelodyMusicUITests;
			productName = MelodyMusicUITests;
			productReference = 8DEBED4D2A6C4F7B00303597 /* MelodyMusicUITests.xctest */;
			productType = "com.apple.product-type.bundle.ui-testing";
		};
/* End PBXNativeTarget section */

/* Begin PBXProject section */
		8DEBED252A6C4F7A00303597 /* Project object */ = {
			isa = PBXProject;
			attributes = {
				BuildIndependentTargetsInParallel = 1;
				LastSwiftUpdateCheck = 1430;
				LastUpgradeCheck = 1430;
				TargetAttributes = {
					8DEBED2C2A6C4F7A00303597 = {
						CreatedOnToolsVersion = 14.3.1;
						LastSwiftMigration = 1500;
					};
					8DEBED422A6C4F7B00303597 = {
						CreatedOnToolsVersion = 14.3.1;
						TestTargetID = 8DEBED2C2A6C4F7A00303597;
					};
					8DEBED4C2A6C4F7B00303597 = {
						CreatedOnToolsVersion = 14.3.1;
						TestTargetID = 8DEBED2C2A6C4F7A00303597;
					};
				};
			};
			buildConfigurationList = 8DEBED282A6C4F7A00303597 /* Build configuration list for PBXProject "MelodyMusic" */;
			compatibilityVersion = "Xcode 14.0";
			developmentRegion = en;
			hasScannedForEncodings = 0;
			knownRegions = (
				en,
				Base,
				"zh-Hans",
			);
			mainGroup = 8DEBED242A6C4F7A00303597;
			productRefGroup = 8DEBED2E2A6C4F7A00303597 /* Products */;
			projectDirPath = "";
			projectRoot = "";
			targets = (
				8DEBED2C2A6C4F7A00303597 /* MelodyMusic */,
				8DEBED422A6C4F7B00303597 /* MelodyMusicTests */,
				8DEBED4C2A6C4F7B00303597 /* MelodyMusicUITests */,
			);
		};
/* End PBXProject section */

/* Begin PBXResourcesBuildPhase section */
		8DEBED2B2A6C4F7A00303597 /* Resources */ = {
			isa = PBXResourcesBuildPhase;
			buildActionMask = 2147483647;
			files = (
				8DEBED3D2A6C4F7B00303597 /* LaunchScreen.storyboard in Resources */,
				8DA405CA2A6CDC460033F979 /* Localizable.strings in Resources */,
				8DEBED3A2A6C4F7B00303597 /* Assets.xcassets in Resources */,
				8D7E86632A6CE18F008580A9 /* InfoPlist.strings in Resources */,
				8DD33B6C2A6F392400A34010 /* YJBannerView.bundle in Resources */,
			);
			runOnlyForDeploymentPostprocessing = 0;
		};
		8DEBED412A6C4F7B00303597 /* Resources */ = {
			isa = PBXResourcesBuildPhase;
			buildActionMask = 2147483647;
			files = (
			);
			runOnlyForDeploymentPostprocessing = 0;
		};
		8DEBED4B2A6C4F7B00303597 /* Resources */ = {
			isa = PBXResourcesBuildPhase;
			buildActionMask = 2147483647;
			files = (
			);
			runOnlyForDeploymentPostprocessing = 0;
		};
/* End PBXResourcesBuildPhase section */

/* Begin PBXShellScriptBuildPhase section */
		2109791615919028C041BA72 /* [CP] Embed Pods Frameworks */ = {
			isa = PBXShellScriptBuildPhase;
			buildActionMask = 2147483647;
			files = (
			);
			inputFileListPaths = (
				"${PODS_ROOT}/Target Support Files/Pods-MelodyMusic/Pods-MelodyMusic-frameworks-${CONFIGURATION}-input-files.xcfilelist",
			);
			name = "[CP] Embed Pods Frameworks";
			outputFileListPaths = (
				"${PODS_ROOT}/Target Support Files/Pods-MelodyMusic/Pods-MelodyMusic-frameworks-${CONFIGURATION}-output-files.xcfilelist",
			);
			runOnlyForDeploymentPostprocessing = 0;
			shellPath = /bin/sh;
			shellScript = "\"${PODS_ROOT}/Target Support Files/Pods-MelodyMusic/Pods-MelodyMusic-frameworks.sh\"\n";
			showEnvVarsInLog = 0;
		};
		8D7E86672A6CE3FD008580A9 /* ShellScript */ = {
			isa = PBXShellScriptBuildPhase;
			alwaysOutOfDate = 1;
			buildActionMask = 2147483647;
			files = (
			);
			inputFileListPaths = (
			);
			inputPaths = (
			);
			outputFileListPaths = (
			);
			outputPaths = (
				$SRCROOT/R.generated.swift,
			);
			runOnlyForDeploymentPostprocessing = 0;
			shellPath = /bin/sh;
			shellScript = "\"$PODS_ROOT/R.swift/rswift\" generate \"$SRCROOT/R.generated.swift\"\n";
		};
		AD47A546CFDBCBE4C530CC40 /* [CP] Check Pods Manifest.lock */ = {
			isa = PBXShellScriptBuildPhase;
			buildActionMask = 2147483647;
			files = (
			);
			inputFileListPaths = (
			);
			inputPaths = (
				"${PODS_PODFILE_DIR_PATH}/Podfile.lock",
				"${PODS_ROOT}/Manifest.lock",
			);
			name = "[CP] Check Pods Manifest.lock";
			outputFileListPaths = (
			);
			outputPaths = (
				"$(DERIVED_FILE_DIR)/Pods-MelodyMusic-checkManifestLockResult.txt",
			);
			runOnlyForDeploymentPostprocessing = 0;
			shellPath = /bin/sh;
			shellScript = "diff \"${PODS_PODFILE_DIR_PATH}/Podfile.lock\" \"${PODS_ROOT}/Manifest.lock\" > /dev/null\nif [ $? != 0 ] ; then\n    # print error to STDERR\n    echo \"error: The sandbox is not in sync with the Podfile.lock. Run 'pod install' or update your CocoaPods installation.\" >&2\n    exit 1\nfi\n# This output is used by Xcode 'outputs' to avoid re-running this script phase.\necho \"SUCCESS\" > \"${SCRIPT_OUTPUT_FILE_0}\"\n";
			showEnvVarsInLog = 0;
		};
/* End PBXShellScriptBuildPhase section */

/* Begin PBXSourcesBuildPhase section */
		8DEBED292A6C4F7A00303597 /* Sources */ = {
			isa = PBXSourcesBuildPhase;
			buildActionMask = 2147483647;
			files = (
				8DEBED352A6C4F7A00303597 /* SplashController.swift in Sources */,
				8DD33B9D2A7041B700A34010 /* SuperToast.swift in Sources */,
				8D7E86772A6CFC79008580A9 /* BaseTitleController.swift in Sources */,
				8DD33B692A6F392400A34010 /* YJHollowPageControl.m in Sources */,
				8DD33B6F2A6F392400A34010 /* YJBannerViewFooter.m in Sources */,
				8D7E866E2A6CF007008580A9 /* SuperUIThemeExtension.swift in Sources */,
				8DD33B912A6F836100A34010 /* BaseResponse.swift in Sources */,
				8DD33B6B2A6F392400A34010 /* YJAnimatedDotView.m in Sources */,
				8DD33B862A6F7CC300A34010 /* ObservableMoyaExtension.swift in Sources */,
				8DD33B8C2A6F813200A34010 /* BaseCommon.swift in Sources */,
				8DD33B6D2A6F392400A34010 /* YJBannerViewCollectionView.m in Sources */,
				8DD33B4F2A6F34E100A34010 /* LoginHomeController.swift in Sources */,
				8D7E86712A6CF505008580A9 /* BaseController.swift in Sources */,
				8D7E86752A6CF5E7008580A9 /* BaseLogicController.swift in Sources */,
				8DD33B672A6F392400A34010 /* UIView+YJBannerViewExt.m in Sources */,
				8DD33B7A2A6F677700A34010 /* ParamUtil.swift in Sources */,
				8DA405C62A6CD8FE0033F979 /* SuperDateUtil.swift in Sources */,
				8DEBED312A6C4F7A00303597 /* AppDelegate.swift in Sources */,
				8DD33B6A2A6F392400A34010 /* YJAbstractDotView.m in Sources */,
				8DD33B7D2A6F73E400A34010 /* SheetListResponse.swift in Sources */,
				8D7E86812A6D0578008580A9 /* Constants.swift in Sources */,
				8DD33B682A6F392400A34010 /* YJBannerView.m in Sources */,
				8DD33B4B2A6F2B7E00A34010 /* MainController.swift in Sources */,
				8D7E867C2A6D0042008580A9 /* TermServiceDialogController.swift in Sources */,
				8DD33B932A6F83B800A34010 /* DetailResponse.swift in Sources */,
				8DD33B7F2A6F748A00A34010 /* PageResponse.swift in Sources */,
				8DD33B6E2A6F392400A34010 /* YJBannerViewCell.m in Sources */,
				8DD33B712A6F53D900A34010 /* Config.swift in Sources */,
				8DD33B782A6F650400A34010 /* User.swift in Sources */,
				8DD33B952A6F846F00A34010 /* Meta.swift in Sources */,
				8D7E86732A6CF58D008580A9 /* BaseCommonController.swift in Sources */,
				8DD33B992A6F86CA00A34010 /* Ad.swift in Sources */,
				8DD33B472A6F28B700A34010 /* DefaultPreferenceUtil.swift in Sources */,
				8DD33B742A6F645000A34010 /* DefaultService.swift in Sources */,
				8DD33B8A2A6F80FF00A34010 /* BaseId.swift in Sources */,
				8DD33B882A6F809E00A34010 /* BaseModel.swift in Sources */,
				8D7E86852A6D0CEB008580A9 /* GuideController.swift in Sources */,
				8D7E867F2A6D049C008580A9 /* ViewFactoryUtil.swift in Sources */,
				8D7E86692A6CE5A1008580A9 /* R.generated.swift in Sources */,
				8D7E866C2A6CED2E008580A9 /* SuperUIColorExtension.swift in Sources */,
				8DD33B832A6F74E500A34010 /* Sheet.swift in Sources */,
				8DD33B8F2A6F82B200A34010 /* ListResponse.swift in Sources */,
			);
			runOnlyForDeploymentPostprocessing = 0;
		};
		8DEBED3F2A6C4F7B00303597 /* Sources */ = {
			isa = PBXSourcesBuildPhase;
			buildActionMask = 2147483647;
			files = (
				8DEBED482A6C4F7B00303597 /* MelodyMusicTests.swift in Sources */,
			);
			runOnlyForDeploymentPostprocessing = 0;
		};
		8DEBED492A6C4F7B00303597 /* Sources */ = {
			isa = PBXSourcesBuildPhase;
			buildActionMask = 2147483647;
			files = (
				8DEBED542A6C4F7B00303597 /* MelodyMusicUITestsLaunchTests.swift in Sources */,
				8DEBED522A6C4F7B00303597 /* MelodyMusicUITests.swift in Sources */,
			);
			runOnlyForDeploymentPostprocessing = 0;
		};
/* End PBXSourcesBuildPhase section */

/* Begin PBXTargetDependency section */
		8DEBED452A6C4F7B00303597 /* PBXTargetDependency */ = {
			isa = PBXTargetDependency;
			target = 8DEBED2C2A6C4F7A00303597 /* MelodyMusic */;
			targetProxy = 8DEBED442A6C4F7B00303597 /* PBXContainerItemProxy */;
		};
		8DEBED4F2A6C4F7B00303597 /* PBXTargetDependency */ = {
			isa = PBXTargetDependency;
			target = 8DEBED2C2A6C4F7A00303597 /* MelodyMusic */;
			targetProxy = 8DEBED4E2A6C4F7B00303597 /* PBXContainerItemProxy */;
		};
/* End PBXTargetDependency section */

/* Begin PBXVariantGroup section */
		8D7E86652A6CE18F008580A9 /* InfoPlist.strings */ = {
			isa = PBXVariantGroup;
			children = (
				8D7E86642A6CE18F008580A9 /* en */,
				8D7E86662A6CE191008580A9 /* zh-Hans */,
			);
			name = InfoPlist.strings;
			sourceTree = "<group>";
		};
		8DA405CC2A6CDC460033F979 /* Localizable.strings */ = {
			isa = PBXVariantGroup;
			children = (
				8DA405CB2A6CDC460033F979 /* en */,
				8DA405CE2A6CDC5E0033F979 /* zh-Hans */,
			);
			name = Localizable.strings;
			sourceTree = "<group>";
		};
		8DEBED3B2A6C4F7B00303597 /* LaunchScreen.storyboard */ = {
			isa = PBXVariantGroup;
			children = (
				8DEBED3C2A6C4F7B00303597 /* Base */,
				8DA405CD2A6CDC5E0033F979 /* zh-Hans */,
			);
			name = LaunchScreen.storyboard;
			sourceTree = "<group>";
		};
/* End PBXVariantGroup section */

/* Begin XCBuildConfiguration section */
		8DEBED552A6C4F7B00303597 /* Debug */ = {
			isa = XCBuildConfiguration;
			buildSettings = {
				ALWAYS_SEARCH_USER_PATHS = NO;
				CLANG_ANALYZER_LOCALIZABILITY_NONLOCALIZED = YES;
				CLANG_ANALYZER_NONNULL = YES;
				CLANG_ANALYZER_NUMBER_OBJECT_CONVERSION = YES_AGGRESSIVE;
				CLANG_CXX_LANGUAGE_STANDARD = "gnu++20";
				CLANG_ENABLE_MODULES = YES;
				CLANG_ENABLE_OBJC_ARC = YES;
				CLANG_ENABLE_OBJC_WEAK = YES;
				CLANG_WARN_BLOCK_CAPTURE_AUTORELEASING = YES;
				CLANG_WARN_BOOL_CONVERSION = YES;
				CLANG_WARN_COMMA = YES;
				CLANG_WARN_CONSTANT_CONVERSION = YES;
				CLANG_WARN_DEPRECATED_OBJC_IMPLEMENTATIONS = YES;
				CLANG_WARN_DIRECT_OBJC_ISA_USAGE = YES_ERROR;
				CLANG_WARN_DOCUMENTATION_COMMENTS = YES;
				CLANG_WARN_EMPTY_BODY = YES;
				CLANG_WARN_ENUM_CONVERSION = YES;
				CLANG_WARN_INFINITE_RECURSION = YES;
				CLANG_WARN_INT_CONVERSION = YES;
				CLANG_WARN_NON_LITERAL_NULL_CONVERSION = YES;
				CLANG_WARN_OBJC_IMPLICIT_RETAIN_SELF = YES;
				CLANG_WARN_OBJC_LITERAL_CONVERSION = YES;
				CLANG_WARN_OBJC_ROOT_CLASS = YES_ERROR;
				CLANG_WARN_QUOTED_INCLUDE_IN_FRAMEWORK_HEADER = YES;
				CLANG_WARN_RANGE_LOOP_ANALYSIS = YES;
				CLANG_WARN_STRICT_PROTOTYPES = YES;
				CLANG_WARN_SUSPICIOUS_MOVE = YES;
				CLANG_WARN_UNGUARDED_AVAILABILITY = YES_AGGRESSIVE;
				CLANG_WARN_UNREACHABLE_CODE = YES;
				CLANG_WARN__DUPLICATE_METHOD_MATCH = YES;
				COPY_PHASE_STRIP = NO;
				DEBUG_INFORMATION_FORMAT = dwarf;
				ENABLE_STRICT_OBJC_MSGSEND = YES;
				ENABLE_TESTABILITY = YES;
				GCC_C_LANGUAGE_STANDARD = gnu11;
				GCC_DYNAMIC_NO_PIC = NO;
				GCC_NO_COMMON_BLOCKS = YES;
				GCC_OPTIMIZATION_LEVEL = 0;
				GCC_PREPROCESSOR_DEFINITIONS = (
					"DEBUG=1",
					"$(inherited)",
				);
				GCC_WARN_64_TO_32_BIT_CONVERSION = YES;
				GCC_WARN_ABOUT_RETURN_TYPE = YES_ERROR;
				GCC_WARN_UNDECLARED_SELECTOR = YES;
				GCC_WARN_UNINITIALIZED_AUTOS = YES_AGGRESSIVE;
				GCC_WARN_UNUSED_FUNCTION = YES;
				GCC_WARN_UNUSED_VARIABLE = YES;
				IPHONEOS_DEPLOYMENT_TARGET = 16.4;
				MTL_ENABLE_DEBUG_INFO = INCLUDE_SOURCE;
				MTL_FAST_MATH = YES;
				ONLY_ACTIVE_ARCH = YES;
				SDKROOT = iphoneos;
				SWIFT_ACTIVE_COMPILATION_CONDITIONS = DEBUG;
				SWIFT_OPTIMIZATION_LEVEL = "-Onone";
			};
			name = Debug;
		};
		8DEBED562A6C4F7B00303597 /* Release */ = {
			isa = XCBuildConfiguration;
			buildSettings = {
				ALWAYS_SEARCH_USER_PATHS = NO;
				CLANG_ANALYZER_LOCALIZABILITY_NONLOCALIZED = YES;
				CLANG_ANALYZER_NONNULL = YES;
				CLANG_ANALYZER_NUMBER_OBJECT_CONVERSION = YES_AGGRESSIVE;
				CLANG_CXX_LANGUAGE_STANDARD = "gnu++20";
				CLANG_ENABLE_MODULES = YES;
				CLANG_ENABLE_OBJC_ARC = YES;
				CLANG_ENABLE_OBJC_WEAK = YES;
				CLANG_WARN_BLOCK_CAPTURE_AUTORELEASING = YES;
				CLANG_WARN_BOOL_CONVERSION = YES;
				CLANG_WARN_COMMA = YES;
				CLANG_WARN_CONSTANT_CONVERSION = YES;
				CLANG_WARN_DEPRECATED_OBJC_IMPLEMENTATIONS = YES;
				CLANG_WARN_DIRECT_OBJC_ISA_USAGE = YES_ERROR;
				CLANG_WARN_DOCUMENTATION_COMMENTS = YES;
				CLANG_WARN_EMPTY_BODY = YES;
				CLANG_WARN_ENUM_CONVERSION = YES;
				CLANG_WARN_INFINITE_RECURSION = YES;
				CLANG_WARN_INT_CONVERSION = YES;
				CLANG_WARN_NON_LITERAL_NULL_CONVERSION = YES;
				CLANG_WARN_OBJC_IMPLICIT_RETAIN_SELF = YES;
				CLANG_WARN_OBJC_LITERAL_CONVERSION = YES;
				CLANG_WARN_OBJC_ROOT_CLASS = YES_ERROR;
				CLANG_WARN_QUOTED_INCLUDE_IN_FRAMEWORK_HEADER = YES;
				CLANG_WARN_RANGE_LOOP_ANALYSIS = YES;
				CLANG_WARN_STRICT_PROTOTYPES = YES;
				CLANG_WARN_SUSPICIOUS_MOVE = YES;
				CLANG_WARN_UNGUARDED_AVAILABILITY = YES_AGGRESSIVE;
				CLANG_WARN_UNREACHABLE_CODE = YES;
				CLANG_WARN__DUPLICATE_METHOD_MATCH = YES;
				COPY_PHASE_STRIP = NO;
				DEBUG_INFORMATION_FORMAT = "dwarf-with-dsym";
				ENABLE_NS_ASSERTIONS = NO;
				ENABLE_STRICT_OBJC_MSGSEND = YES;
				GCC_C_LANGUAGE_STANDARD = gnu11;
				GCC_NO_COMMON_BLOCKS = YES;
				GCC_WARN_64_TO_32_BIT_CONVERSION = YES;
				GCC_WARN_ABOUT_RETURN_TYPE = YES_ERROR;
				GCC_WARN_UNDECLARED_SELECTOR = YES;
				GCC_WARN_UNINITIALIZED_AUTOS = YES_AGGRESSIVE;
				GCC_WARN_UNUSED_FUNCTION = YES;
				GCC_WARN_UNUSED_VARIABLE = YES;
				IPHONEOS_DEPLOYMENT_TARGET = 16.4;
				MTL_ENABLE_DEBUG_INFO = NO;
				MTL_FAST_MATH = YES;
				SDKROOT = iphoneos;
				SWIFT_COMPILATION_MODE = wholemodule;
				SWIFT_OPTIMIZATION_LEVEL = "-O";
				VALIDATE_PRODUCT = YES;
			};
			name = Release;
		};
		8DEBED582A6C4F7B00303597 /* Debug */ = {
			isa = XCBuildConfiguration;
			baseConfigurationReference = 309120CF9AD7639157F05755 /* Pods-MelodyMusic.debug.xcconfig */;
			buildSettings = {
				ASSETCATALOG_COMPILER_APPICON_NAME = AppIcon;
				ASSETCATALOG_COMPILER_GLOBAL_ACCENT_COLOR_NAME = AccentColor;
				CLANG_ENABLE_MODULES = YES;
				CODE_SIGN_STYLE = Automatic;
				CURRENT_PROJECT_VERSION = 1;
				DEVELOPMENT_TEAM = C9UL6Y3N22;
				GENERATE_INFOPLIST_FILE = YES;
				INFOPLIST_FILE = MelodyMusic/Info.plist;
				INFOPLIST_KEY_UIApplicationSupportsIndirectInputEvents = YES;
				INFOPLIST_KEY_UILaunchStoryboardName = LaunchScreen;
				INFOPLIST_KEY_UISupportedInterfaceOrientations_iPad = "UIInterfaceOrientationPortrait UIInterfaceOrientationPortraitUpsideDown UIInterfaceOrientationLandscapeLeft UIInterfaceOrientationLandscapeRight";
				INFOPLIST_KEY_UISupportedInterfaceOrientations_iPhone = "UIInterfaceOrientationPortrait UIInterfaceOrientationLandscapeLeft UIInterfaceOrientationLandscapeRight";
				IPHONEOS_DEPLOYMENT_TARGET = 15.0;
				LD_RUNPATH_SEARCH_PATHS = (
					"$(inherited)",
					"@executable_path/Frameworks",
				);
				MARKETING_VERSION = 1.0;
				PRODUCT_BUNDLE_IDENTIFIER = com.melody.music.cecilia.MelodyMusic;
				PRODUCT_NAME = "$(TARGET_NAME)";
				SWIFT_EMIT_LOC_STRINGS = YES;
				SWIFT_OBJC_BRIDGING_HEADER = "MelodyMusic/MelodyMusic-Bridging-Header.h";
				SWIFT_OPTIMIZATION_LEVEL = "-Onone";
				SWIFT_VERSION = 5.0;
				TARGETED_DEVICE_FAMILY = "1,2";
			};
			name = Debug;
		};
		8DEBED592A6C4F7B00303597 /* Release */ = {
			isa = XCBuildConfiguration;
			baseConfigurationReference = 0C2BD0C475118F21AFA06524 /* Pods-MelodyMusic.release.xcconfig */;
			buildSettings = {
				ASSETCATALOG_COMPILER_APPICON_NAME = AppIcon;
				ASSETCATALOG_COMPILER_GLOBAL_ACCENT_COLOR_NAME = AccentColor;
				CLANG_ENABLE_MODULES = YES;
				CODE_SIGN_STYLE = Automatic;
				CURRENT_PROJECT_VERSION = 1;
				DEVELOPMENT_TEAM = C9UL6Y3N22;
				GENERATE_INFOPLIST_FILE = YES;
				INFOPLIST_FILE = MelodyMusic/Info.plist;
				INFOPLIST_KEY_UIApplicationSupportsIndirectInputEvents = YES;
				INFOPLIST_KEY_UILaunchStoryboardName = LaunchScreen;
				INFOPLIST_KEY_UISupportedInterfaceOrientations_iPad = "UIInterfaceOrientationPortrait UIInterfaceOrientationPortraitUpsideDown UIInterfaceOrientationLandscapeLeft UIInterfaceOrientationLandscapeRight";
				INFOPLIST_KEY_UISupportedInterfaceOrientations_iPhone = "UIInterfaceOrientationPortrait UIInterfaceOrientationLandscapeLeft UIInterfaceOrientationLandscapeRight";
				IPHONEOS_DEPLOYMENT_TARGET = 15.0;
				LD_RUNPATH_SEARCH_PATHS = (
					"$(inherited)",
					"@executable_path/Frameworks",
				);
				MARKETING_VERSION = 1.0;
				PRODUCT_BUNDLE_IDENTIFIER = com.melody.music.cecilia.MelodyMusic;
				PRODUCT_NAME = "$(TARGET_NAME)";
				SWIFT_EMIT_LOC_STRINGS = YES;
				SWIFT_OBJC_BRIDGING_HEADER = "MelodyMusic/MelodyMusic-Bridging-Header.h";
				SWIFT_VERSION = 5.0;
				TARGETED_DEVICE_FAMILY = "1,2";
			};
			name = Release;
		};
		8DEBED5B2A6C4F7B00303597 /* Debug */ = {
			isa = XCBuildConfiguration;
			buildSettings = {
				ALWAYS_EMBED_SWIFT_STANDARD_LIBRARIES = YES;
				BUNDLE_LOADER = "$(TEST_HOST)";
				CODE_SIGN_STYLE = Automatic;
				CURRENT_PROJECT_VERSION = 1;
				DEVELOPMENT_TEAM = C9UL6Y3N22;
				GENERATE_INFOPLIST_FILE = YES;
				IPHONEOS_DEPLOYMENT_TARGET = 16.4;
				MARKETING_VERSION = 1.0;
				PRODUCT_BUNDLE_IDENTIFIER = com.melody.music.cecilia.MelodyMusicTests;
				PRODUCT_NAME = "$(TARGET_NAME)";
				SWIFT_EMIT_LOC_STRINGS = NO;
				SWIFT_VERSION = 5.0;
				TARGETED_DEVICE_FAMILY = "1,2";
				TEST_HOST = "$(BUILT_PRODUCTS_DIR)/MelodyMusic.app/$(BUNDLE_EXECUTABLE_FOLDER_PATH)/MelodyMusic";
			};
			name = Debug;
		};
		8DEBED5C2A6C4F7B00303597 /* Release */ = {
			isa = XCBuildConfiguration;
			buildSettings = {
				ALWAYS_EMBED_SWIFT_STANDARD_LIBRARIES = YES;
				BUNDLE_LOADER = "$(TEST_HOST)";
				CODE_SIGN_STYLE = Automatic;
				CURRENT_PROJECT_VERSION = 1;
				DEVELOPMENT_TEAM = C9UL6Y3N22;
				GENERATE_INFOPLIST_FILE = YES;
				IPHONEOS_DEPLOYMENT_TARGET = 16.4;
				MARKETING_VERSION = 1.0;
				PRODUCT_BUNDLE_IDENTIFIER = com.melody.music.cecilia.MelodyMusicTests;
				PRODUCT_NAME = "$(TARGET_NAME)";
				SWIFT_EMIT_LOC_STRINGS = NO;
				SWIFT_VERSION = 5.0;
				TARGETED_DEVICE_FAMILY = "1,2";
				TEST_HOST = "$(BUILT_PRODUCTS_DIR)/MelodyMusic.app/$(BUNDLE_EXECUTABLE_FOLDER_PATH)/MelodyMusic";
			};
			name = Release;
		};
		8DEBED5E2A6C4F7B00303597 /* Debug */ = {
			isa = XCBuildConfiguration;
			buildSettings = {
				ALWAYS_EMBED_SWIFT_STANDARD_LIBRARIES = YES;
				CODE_SIGN_STYLE = Automatic;
				CURRENT_PROJECT_VERSION = 1;
				DEVELOPMENT_TEAM = C9UL6Y3N22;
				GENERATE_INFOPLIST_FILE = YES;
				MARKETING_VERSION = 1.0;
				PRODUCT_BUNDLE_IDENTIFIER = com.melody.music.cecilia.MelodyMusicUITests;
				PRODUCT_NAME = "$(TARGET_NAME)";
				SWIFT_EMIT_LOC_STRINGS = NO;
				SWIFT_VERSION = 5.0;
				TARGETED_DEVICE_FAMILY = "1,2";
				TEST_TARGET_NAME = MelodyMusic;
			};
			name = Debug;
		};
		8DEBED5F2A6C4F7B00303597 /* Release */ = {
			isa = XCBuildConfiguration;
			buildSettings = {
				ALWAYS_EMBED_SWIFT_STANDARD_LIBRARIES = YES;
				CODE_SIGN_STYLE = Automatic;
				CURRENT_PROJECT_VERSION = 1;
				DEVELOPMENT_TEAM = C9UL6Y3N22;
				GENERATE_INFOPLIST_FILE = YES;
				MARKETING_VERSION = 1.0;
				PRODUCT_BUNDLE_IDENTIFIER = com.melody.music.cecilia.MelodyMusicUITests;
				PRODUCT_NAME = "$(TARGET_NAME)";
				SWIFT_EMIT_LOC_STRINGS = NO;
				SWIFT_VERSION = 5.0;
				TARGETED_DEVICE_FAMILY = "1,2";
				TEST_TARGET_NAME = MelodyMusic;
			};
			name = Release;
		};
/* End XCBuildConfiguration section */

/* Begin XCConfigurationList section */
		8DEBED282A6C4F7A00303597 /* Build configuration list for PBXProject "MelodyMusic" */ = {
			isa = XCConfigurationList;
			buildConfigurations = (
				8DEBED552A6C4F7B00303597 /* Debug */,
				8DEBED562A6C4F7B00303597 /* Release */,
			);
			defaultConfigurationIsVisible = 0;
			defaultConfigurationName = Release;
		};
		8DEBED572A6C4F7B00303597 /* Build configuration list for PBXNativeTarget "MelodyMusic" */ = {
			isa = XCConfigurationList;
			buildConfigurations = (
				8DEBED582A6C4F7B00303597 /* Debug */,
				8DEBED592A6C4F7B00303597 /* Release */,
			);
			defaultConfigurationIsVisible = 0;
			defaultConfigurationName = Release;
		};
		8DEBED5A2A6C4F7B00303597 /* Build configuration list for PBXNativeTarget "MelodyMusicTests" */ = {
			isa = XCConfigurationList;
			buildConfigurations = (
				8DEBED5B2A6C4F7B00303597 /* Debug */,
				8DEBED5C2A6C4F7B00303597 /* Release */,
			);
			defaultConfigurationIsVisible = 0;
			defaultConfigurationName = Release;
		};
		8DEBED5D2A6C4F7B00303597 /* Build configuration list for PBXNativeTarget "MelodyMusicUITests" */ = {
			isa = XCConfigurationList;
			buildConfigurations = (
				8DEBED5E2A6C4F7B00303597 /* Debug */,
				8DEBED5F2A6C4F7B00303597 /* Release */,
			);
			defaultConfigurationIsVisible = 0;
			defaultConfigurationName = Release;
		};
/* End XCConfigurationList section */
	};
	rootObject = 8DEBED252A6C4F7A00303597 /* Project object */;
}
